// !$*UTF8*$!
{
	archiveVersion = 1;
	classes = {
	};
	objectVersion = 56;
	objects = {

/* Begin PBXBuildFile section */
		B704001929EF779E00C47193 /* AppDelegate.swift in Sources */ = {isa = PBXBuildFile; fileRef = B704001829EF779E00C47193 /* AppDelegate.swift */; };
		B704001B29EF779E00C47193 /* ContentView.swift in Sources */ = {isa = PBXBuildFile; fileRef = B704001A29EF779E00C47193 /* ContentView.swift */; };
		B704001D29EF779E00C47193 /* Experience.rcproject in Sources */ = {isa = PBXBuildFile; fileRef = B704001C29EF779E00C47193 /* Experience.rcproject */; };
		B704001F29EF779F00C47193 /* Assets.xcassets in Resources */ = {isa = PBXBuildFile; fileRef = B704001E29EF779F00C47193 /* Assets.xcassets */; };
		B704002229EF779F00C47193 /* Preview Assets.xcassets in Resources */ = {isa = PBXBuildFile; fileRef = B704002129EF779F00C47193 /* Preview Assets.xcassets */; };
		B704002C29EF779F00C47193 /* ARDemoTests.swift in Sources */ = {isa = PBXBuildFile; fileRef = B704002B29EF779F00C47193 /* ARDemoTests.swift */; };
		B704003629EF779F00C47193 /* ARDemoUITests.swift in Sources */ = {isa = PBXBuildFile; fileRef = B704003529EF779F00C47193 /* ARDemoUITests.swift */; };
		B704003829EF779F00C47193 /* ARDemoUITestsLaunchTests.swift in Sources */ = {isa = PBXBuildFile; fileRef = B704003729EF779F00C47193 /* ARDemoUITestsLaunchTests.swift */; };
/* End PBXBuildFile section */

/* Begin PBXContainerItemProxy section */
		B704002829EF779F00C47193 /* PBXContainerItemProxy */ = {
			isa = PBXContainerItemProxy;
			containerPortal = B704000D29EF779E00C47193 /* Project object */;
			proxyType = 1;
			remoteGlobalIDString = B704001429EF779E00C47193;
			remoteInfo = ARDemo;
		};
		B704003229EF779F00C47193 /* PBXContainerItemProxy */ = {
			isa = PBXContainerItemProxy;
			containerPortal = B704000D29EF779E00C47193 /* Project object */;
			proxyType = 1;
			remoteGlobalIDString = B704001429EF779E00C47193;
			remoteInfo = ARDemo;
		};
/* End PBXContainerItemProxy section */

/* Begin PBXFileReference section */
		B704001529EF779E00C47193 /* ARDemo.app */ = {isa = PBXFileReference; explicitFileType = wrapper.application; includeInIndex = 0; path = ARDemo.app; sourceTree = BUILT_PRODUCTS_DIR; };
		B704001829EF779E00C47193 /* AppDelegate.swift */ = {isa = PBXFileReference; lastKnownFileType = sourcecode.swift; path = AppDelegate.swift; sourceTree = "<group>"; };
		B704001A29EF779E00C47193 /* ContentView.swift */ = {isa = PBXFileReference; lastKnownFileType = sourcecode.swift; path = ContentView.swift; sourceTree = "<group>"; };
		B704001C29EF779E00C47193 /* Experience.rcproject */ = {isa = PBXFileReference; lastKnownFileType = file.rcproject; path = Experience.rcproject; sourceTree = "<group>"; };
		B704001E29EF779F00C47193 /* Assets.xcassets */ = {isa = PBXFileReference; lastKnownFileType = folder.assetcatalog; path = Assets.xcassets; sourceTree = "<group>"; };
		B704002129EF779F00C47193 /* Preview Assets.xcassets */ = {isa = PBXFileReference; lastKnownFileType = folder.assetcatalog; path = "Preview Assets.xcassets"; sourceTree = "<group>"; };
		B704002729EF779F00C47193 /* ARDemoTests.xctest */ = {isa = PBXFileReference; explicitFileType = wrapper.cfbundle; includeInIndex = 0; path = ARDemoTests.xctest; sourceTree = BUILT_PRODUCTS_DIR; };
		B704002B29EF779F00C47193 /* ARDemoTests.swift */ = {isa = PBXFileReference; lastKnownFileType = sourcecode.swift; path = ARDemoTests.swift; sourceTree = "<group>"; };
		B704003129EF779F00C47193 /* ARDemoUITests.xctest */ = {isa = PBXFileReference; explicitFileType = wrapper.cfbundle; includeInIndex = 0; path = ARDemoUITests.xctest; sourceTree = BUILT_PRODUCTS_DIR; };
		B704003529EF779F00C47193 /* ARDemoUITests.swift */ = {isa = PBXFileReference; lastKnownFileType = sourcecode.swift; path = ARDemoUITests.swift; sourceTree = "<group>"; };
		B704003729EF779F00C47193 /* ARDemoUITestsLaunchTests.swift */ = {isa = PBXFileReference; lastKnownFileType = sourcecode.swift; path = ARDemoUITestsLaunchTests.swift; sourceTree = "<group>"; };
/* End PBXFileReference section */

/* Begin PBXFrameworksBuildPhase section */
		B704001229EF779E00C47193 /* Frameworks */ = {
			isa = PBXFrameworksBuildPhase;
			buildActionMask = 2147483647;
			files = (
			);
			runOnlyForDeploymentPostprocessing = 0;
		};
		B704002429EF779F00C47193 /* Frameworks */ = {
			isa = PBXFrameworksBuildPhase;
			buildActionMask = 2147483647;
			files = (
			);
			runOnlyForDeploymentPostprocessing = 0;
		};
		B704002E29EF779F00C47193 /* Frameworks */ = {
			isa = PBXFrameworksBuildPhase;
			buildActionMask = 2147483647;
			files = (
			);
			runOnlyForDeploymentPostprocessing = 0;
		};
/* End PBXFrameworksBuildPhase section */

/* Begin PBXGroup section */
		B704000C29EF779E00C47193 = {
			isa = PBXGroup;
			children = (
				B704001729EF779E00C47193 /* ARDemo */,
				B704002A29EF779F00C47193 /* ARDemoTests */,
				B704003429EF779F00C47193 /* ARDemoUITests */,
				B704001629EF779E00C47193 /* Products */,
			);
			sourceTree = "<group>";
		};
		B704001629EF779E00C47193 /* Products */ = {
			isa = PBXGroup;
			children = (
				B704001529EF779E00C47193 /* ARDemo.app */,
				B704002729EF779F00C47193 /* ARDemoTests.xctest */,
				B704003129EF779F00C47193 /* ARDemoUITests.xctest */,
			);
			name = Products;
			sourceTree = "<group>";
		};
		B704001729EF779E00C47193 /* ARDemo */ = {
			isa = PBXGroup;
			children = (
				B704001829EF779E00C47193 /* AppDelegate.swift */,
				B704001A29EF779E00C47193 /* ContentView.swift */,
				B704001C29EF779E00C47193 /* Experience.rcproject */,
				B704001E29EF779F00C47193 /* Assets.xcassets */,
				B704002029EF779F00C47193 /* Preview Content */,
			);
			path = ARDemo;
			sourceTree = "<group>";
		};
		B704002029EF779F00C47193 /* Preview Content */ = {
			isa = PBXGroup;
			children = (
				B704002129EF779F00C47193 /* Preview Assets.xcassets */,
			);
			path = "Preview Content";
			sourceTree = "<group>";
		};
		B704002A29EF779F00C47193 /* ARDemoTests */ = {
			isa = PBXGroup;
			children = (
				B704002B29EF779F00C47193 /* ARDemoTests.swift */,
			);
			path = ARDemoTests;
			sourceTree = "<group>";
		};
		B704003429EF779F00C47193 /* ARDemoUITests */ = {
			isa = PBXGroup;
			children = (
				B704003529EF779F00C47193 /* ARDemoUITests.swift */,
				B704003729EF779F00C47193 /* ARDemoUITestsLaunchTests.swift */,
			);
			path = ARDemoUITests;
			sourceTree = "<group>";
		};
/* End PBXGroup section */

/* Begin PBXNativeTarget section */
		B704001429EF779E00C47193 /* ARDemo */ = {
			isa = PBXNativeTarget;
			buildConfigurationList = B704003B29EF779F00C47193 /* Build configuration list for PBXNativeTarget "ARDemo" */;
			buildPhases = (
				B704001129EF779E00C47193 /* Sources */,
				B704001229EF779E00C47193 /* Frameworks */,
				B704001329EF779E00C47193 /* Resources */,
			);
			buildRules = (
			);
			dependencies = (
			);
			name = ARDemo;
			productName = ARDemo;
			productReference = B704001529EF779E00C47193 /* ARDemo.app */;
			productType = "com.apple.product-type.application";
		};
		B704002629EF779F00C47193 /* ARDemoTests */ = {
			isa = PBXNativeTarget;
			buildConfigurationList = B704003E29EF779F00C47193 /* Build configuration list for PBXNativeTarget "ARDemoTests" */;
			buildPhases = (
				B704002329EF779F00C47193 /* Sources */,
				B704002429EF779F00C47193 /* Frameworks */,
				B704002529EF779F00C47193 /* Resources */,
			);
			buildRules = (
			);
			dependencies = (
				B704002929EF779F00C47193 /* PBXTargetDependency */,
			);
			name = ARDemoTests;
			productName = ARDemoTests;
			productReference = B704002729EF779F00C47193 /* ARDemoTests.xctest */;
			productType = "com.apple.product-type.bundle.unit-test";
		};
		B704003029EF779F00C47193 /* ARDemoUITests */ = {
			isa = PBXNativeTarget;
			buildConfigurationList = B704004129EF779F00C47193 /* Build configuration list for PBXNativeTarget "ARDemoUITests" */;
			buildPhases = (
				B704002D29EF779F00C47193 /* Sources */,
				B704002E29EF779F00C47193 /* Frameworks */,
				B704002F29EF779F00C47193 /* Resources */,
			);
			buildRules = (
			);
			dependencies = (
				B704003329EF779F00C47193 /* PBXTargetDependency */,
			);
			name = ARDemoUITests;
			productName = ARDemoUITests;
			productReference = B704003129EF779F00C47193 /* ARDemoUITests.xctest */;
			productType = "com.apple.product-type.bundle.ui-testing";
		};
/* End PBXNativeTarget section */

/* Begin PBXProject section */
		B704000D29EF779E00C47193 /* Project object */ = {
			isa = PBXProject;
			attributes = {
				BuildIndependentTargetsInParallel = 1;
				LastSwiftUpdateCheck = 1430;
				LastUpgradeCheck = 1430;
				TargetAttributes = {
					B704001429EF779E00C47193 = {
						CreatedOnToolsVersion = 14.3;
					};
					B704002629EF779F00C47193 = {
						CreatedOnToolsVersion = 14.3;
						TestTargetID = B704001429EF779E00C47193;
					};
					B704003029EF779F00C47193 = {
						CreatedOnToolsVersion = 14.3;
						TestTargetID = B704001429EF779E00C47193;
					};
				};
			};
			buildConfigurationList = B704001029EF779E00C47193 /* Build configuration list for PBXProject "ARDemo" */;
			compatibilityVersion = "Xcode 14.0";
			developmentRegion = en;
			hasScannedForEncodings = 0;
			knownRegions = (
				en,
				Base,
			);
			mainGroup = B704000C29EF779E00C47193;
			productRefGroup = B704001629EF779E00C47193 /* Products */;
			projectDirPath = "";
			projectRoot = "";
			targets = (
				B704001429EF779E00C47193 /* ARDemo */,
				B704002629EF779F00C47193 /* ARDemoTests */,
				B704003029EF779F00C47193 /* ARDemoUITests */,
			);
		};
/* End PBXProject section */

/* Begin PBXResourcesBuildPhase section */
		B704001329EF779E00C47193 /* Resources */ = {
			isa = PBXResourcesBuildPhase;
			buildActionMask = 2147483647;
			files = (
				B704002229EF779F00C47193 /* Preview Assets.xcassets in Resources */,
				B704001F29EF779F00C47193 /* Assets.xcassets in Resources */,
			);
			runOnlyForDeploymentPostprocessing = 0;
		};
		B704002529EF779F00C47193 /* Resources */ = {
			isa = PBXResourcesBuildPhase;
			buildActionMask = 2147483647;
			files = (
			);
			runOnlyForDeploymentPostprocessing = 0;
		};
		B704002F29EF779F00C47193 /* Resources */ = {
			isa = PBXResourcesBuildPhase;
			buildActionMask = 2147483647;
			files = (
			);
			runOnlyForDeploymentPostprocessing = 0;
		};
/* End PBXResourcesBuildPhase section */

/* Begin PBXSourcesBuildPhase section */
		B704001129EF779E00C47193 /* Sources */ = {
			isa = PBXSourcesBuildPhase;
			buildActionMask = 2147483647;
			files = (
				B704001B29EF779E00C47193 /* ContentView.swift in Sources */,
				B704001929EF779E00C47193 /* AppDelegate.swift in Sources */,
				B704001D29EF779E00C47193 /* Experience.rcproject in Sources */,
			);
			runOnlyForDeploymentPostprocessing = 0;
		};
		B704002329EF779F00C47193 /* Sources */ = {
			isa = PBXSourcesBuildPhase;
			buildActionMask = 2147483647;
			files = (
				B704002C29EF779F00C47193 /* ARDemoTests.swift in Sources */,
			);
			runOnlyForDeploymentPostprocessing = 0;
		};
		B704002D29EF779F00C47193 /* Sources */ = {
			isa = PBXSourcesBuildPhase;
			buildActionMask = 2147483647;
			files = (
				B704003829EF779F00C47193 /* ARDemoUITestsLaunchTests.swift in Sources */,
				B704003629EF779F00C47193 /* ARDemoUITests.swift in Sources */,
			);
			runOnlyForDeploymentPostprocessing = 0;
		};
/* End PBXSourcesBuildPhase section */

/* Begin PBXTargetDependency section */
		B704002929EF779F00C47193 /* PBXTargetDependency */ = {
			isa = PBXTargetDependency;
			target = B704001429EF779E00C47193 /* ARDemo */;
			targetProxy = B704002829EF779F00C47193 /* PBXContainerItemProxy */;
		};
		B704003329EF779F00C47193 /* PBXTargetDependency */ = {
			isa = PBXTargetDependency;
			target = B704001429EF779E00C47193 /* ARDemo */;
			targetProxy = B704003229EF779F00C47193 /* PBXContainerItemProxy */;
		};
/* End PBXTargetDependency section */

/* Begin XCBuildConfiguration section */
		B704003929EF779F00C47193 /* Debug */ = {
			isa = XCBuildConfiguration;
			buildSettings = {
				ALWAYS_SEARCH_USER_PATHS = NO;
				CLANG_ANALYZER_NONNULL = YES;
				CLANG_ANALYZER_NUMBER_OBJECT_CONVERSION = YES_AGGRESSIVE;
				CLANG_CXX_LANGUAGE_STANDARD = "gnu++20";
				CLANG_ENABLE_MODULES = YES;
				CLANG_ENABLE_OBJC_ARC = YES;
				CLANG_ENABLE_OBJC_WEAK = YES;
				CLANG_WARN_BLOCK_CAPTURE_AUTORELEASING = YES;
				CLANG_WARN_BOOL_CONVERSION = YES;
				CLANG_WARN_COMMA = YES;
				CLANG_WARN_CONSTANT_CONVERSION = YES;
				CLANG_WARN_DEPRECATED_OBJC_IMPLEMENTATIONS = YES;
				CLANG_WARN_DIRECT_OBJC_ISA_USAGE = YES_ERROR;
				CLANG_WARN_DOCUMENTATION_COMMENTS = YES;
				CLANG_WARN_EMPTY_BODY = YES;
				CLANG_WARN_ENUM_CONVERSION = YES;
				CLANG_WARN_INFINITE_RECURSION = YES;
				CLANG_WARN_INT_CONVERSION = YES;
				CLANG_WARN_NON_LITERAL_NULL_CONVERSION = YES;
				CLANG_WARN_OBJC_IMPLICIT_RETAIN_SELF = YES;
				CLANG_WARN_OBJC_LITERAL_CONVERSION = YES;
				CLANG_WARN_OBJC_ROOT_CLASS = YES_ERROR;
				CLANG_WARN_QUOTED_INCLUDE_IN_FRAMEWORK_HEADER = YES;
				CLANG_WARN_RANGE_LOOP_ANALYSIS = YES;
				CLANG_WARN_STRICT_PROTOTYPES = YES;
				CLANG_WARN_SUSPICIOUS_MOVE = YES;
				CLANG_WARN_UNGUARDED_AVAILABILITY = YES_AGGRESSIVE;
				CLANG_WARN_UNREACHABLE_CODE = YES;
				CLANG_WARN__DUPLICATE_METHOD_MATCH = YES;
				COPY_PHASE_STRIP = NO;
				DEBUG_INFORMATION_FORMAT = dwarf;
				ENABLE_STRICT_OBJC_MSGSEND = YES;
				ENABLE_TESTABILITY = YES;
				GCC_C_LANGUAGE_STANDARD = gnu11;
				GCC_DYNAMIC_NO_PIC = NO;
				GCC_NO_COMMON_BLOCKS = YES;
				GCC_OPTIMIZATION_LEVEL = 0;
				GCC_PREPROCESSOR_DEFINITIONS = (
					"DEBUG=1",
					"$(inherited)",
				);
				GCC_WARN_64_TO_32_BIT_CONVERSION = YES;
				GCC_WARN_ABOUT_RETURN_TYPE = YES_ERROR;
				GCC_WARN_UNDECLARED_SELECTOR = YES;
				GCC_WARN_UNINITIALIZED_AUTOS = YES_AGGRESSIVE;
				GCC_WARN_UNUSED_FUNCTION = YES;
				GCC_WARN_UNUSED_VARIABLE = YES;
				IPHONEOS_DEPLOYMENT_TARGET = 16.4;
				MTL_ENABLE_DEBUG_INFO = INCLUDE_SOURCE;
				MTL_FAST_MATH = YES;
				ONLY_ACTIVE_ARCH = YES;
				SDKROOT = iphoneos;
				SWIFT_ACTIVE_COMPILATION_CONDITIONS = DEBUG;
				SWIFT_OPTIMIZATION_LEVEL = "-Onone";
			};
			name = Debug;
		};
		B704003A29EF779F00C47193 /* Release */ = {
			isa = XCBuildConfiguration;
			buildSettings = {
				ALWAYS_SEARCH_USER_PATHS = NO;
				CLANG_ANALYZER_NONNULL = YES;
				CLANG_ANALYZER_NUMBER_OBJECT_CONVERSION = YES_AGGRESSIVE;
				CLANG_CXX_LANGUAGE_STANDARD = "gnu++20";
				CLANG_ENABLE_MODULES = YES;
				CLANG_ENABLE_OBJC_ARC = YES;
				CLANG_ENABLE_OBJC_WEAK = YES;
				CLANG_WARN_BLOCK_CAPTURE_AUTORELEASING = YES;
				CLANG_WARN_BOOL_CONVERSION = YES;
				CLANG_WARN_COMMA = YES;
				CLANG_WARN_CONSTANT_CONVERSION = YES;
				CLANG_WARN_DEPRECATED_OBJC_IMPLEMENTATIONS = YES;
				CLANG_WARN_DIRECT_OBJC_ISA_USAGE = YES_ERROR;
				CLANG_WARN_DOCUMENTATION_COMMENTS = YES;
				CLANG_WARN_EMPTY_BODY = YES;
				CLANG_WARN_ENUM_CONVERSION = YES;
				CLANG_WARN_INFINITE_RECURSION = YES;
				CLANG_WARN_INT_CONVERSION = YES;
				CLANG_WARN_NON_LITERAL_NULL_CONVERSION = YES;
				CLANG_WARN_OBJC_IMPLICIT_RETAIN_SELF = YES;
				CLANG_WARN_OBJC_LITERAL_CONVERSION = YES;
				CLANG_WARN_OBJC_ROOT_CLASS = YES_ERROR;
				CLANG_WARN_QUOTED_INCLUDE_IN_FRAMEWORK_HEADER = YES;
				CLANG_WARN_RANGE_LOOP_ANALYSIS = YES;
				CLANG_WARN_STRICT_PROTOTYPES = YES;
				CLANG_WARN_SUSPICIOUS_MOVE = YES;
				CLANG_WARN_UNGUARDED_AVAILABILITY = YES_AGGRESSIVE;
				CLANG_WARN_UNREACHABLE_CODE = YES;
				CLANG_WARN__DUPLICATE_METHOD_MATCH = YES;
				COPY_PHASE_STRIP = NO;
				DEBUG_INFORMATION_FORMAT = "dwarf-with-dsym";
				ENABLE_NS_ASSERTIONS = NO;
				ENABLE_STRICT_OBJC_MSGSEND = YES;
				GCC_C_LANGUAGE_STANDARD = gnu11;
				GCC_NO_COMMON_BLOCKS = YES;
				GCC_WARN_64_TO_32_BIT_CONVERSION = YES;
				GCC_WARN_ABOUT_RETURN_TYPE = YES_ERROR;
				GCC_WARN_UNDECLARED_SELECTOR = YES;
				GCC_WARN_UNINITIALIZED_AUTOS = YES_AGGRESSIVE;
				GCC_WARN_UNUSED_FUNCTION = YES;
				GCC_WARN_UNUSED_VARIABLE = YES;
				IPHONEOS_DEPLOYMENT_TARGET = 16.4;
				MTL_ENABLE_DEBUG_INFO = NO;
				MTL_FAST_MATH = YES;
				SDKROOT = iphoneos;
				SWIFT_COMPILATION_MODE = wholemodule;
				SWIFT_OPTIMIZATION_LEVEL = "-O";
				VALIDATE_PRODUCT = YES;
			};
			name = Release;
		};
		B704003C29EF779F00C47193 /* Debug */ = {
			isa = XCBuildConfiguration;
			buildSettings = {
				ASSETCATALOG_COMPILER_APPICON_NAME = AppIcon;
				ASSETCATALOG_COMPILER_GLOBAL_ACCENT_COLOR_NAME = AccentColor;
				CODE_SIGN_STYLE = Automatic;
				CURRENT_PROJECT_VERSION = 1;
				DEVELOPMENT_ASSET_PATHS = "\"ARDemo/Preview Content\"";
				ENABLE_PREVIEWS = YES;
				GENERATE_INFOPLIST_FILE = YES;
				INFOPLIST_KEY_NSCameraUsageDescription = "";
				INFOPLIST_KEY_UIApplicationSupportsIndirectInputEvents = YES;
				INFOPLIST_KEY_UILaunchScreen_Generation = YES;
				INFOPLIST_KEY_UIRequiredDeviceCapabilities = arkit;
				INFOPLIST_KEY_UIStatusBarHidden = YES;
				INFOPLIST_KEY_UISupportedInterfaceOrientations_iPad = "UIInterfaceOrientationPortrait UIInterfaceOrientationPortraitUpsideDown UIInterfaceOrientationLandscapeLeft UIInterfaceOrientationLandscapeRight";
				INFOPLIST_KEY_UISupportedInterfaceOrientations_iPhone = "UIInterfaceOrientationPortrait UIInterfaceOrientationLandscapeLeft UIInterfaceOrientationLandscapeRight";
				LD_RUNPATH_SEARCH_PATHS = (
					"$(inherited)",
					"@executable_path/Frameworks",
				);
				MARKETING_VERSION = 1.0;
				PRODUCT_BUNDLE_IDENTIFIER = edu.missouri.ARDemo;
				PRODUCT_NAME = "$(TARGET_NAME)";
				SWIFT_EMIT_LOC_STRINGS = YES;
				SWIFT_VERSION = 5.0;
				TARGETED_DEVICE_FAMILY = "1,2";
			};
			name = Debug;
		};
		B704003D29EF779F00C47193 /* Release */ = {
			isa = XCBuildConfiguration;
			buildSettings = {
				ASSETCATALOG_COMPILER_APPICON_NAME = AppIcon;
				ASSETCATALOG_COMPILER_GLOBAL_ACCENT_COLOR_NAME = AccentColor;
				CODE_SIGN_STYLE = Automatic;
				CURRENT_PROJECT_VERSION = 1;
				DEVELOPMENT_ASSET_PATHS = "\"ARDemo/Preview Content\"";
				ENABLE_PREVIEWS = YES;
				GENERATE_INFOPLIST_FILE = YES;
				INFOPLIST_KEY_NSCameraUsageDescription = "";
				INFOPLIST_KEY_UIApplicationSupportsIndirectInputEvents = YES;
				INFOPLIST_KEY_UILaunchScreen_Generation = YES;
				INFOPLIST_KEY_UIRequiredDeviceCapabilities = arkit;
				INFOPLIST_KEY_UIStatusBarHidden = YES;
				INFOPLIST_KEY_UISupportedInterfaceOrientations_iPad = "UIInterfaceOrientationPortrait UIInterfaceOrientationPortraitUpsideDown UIInterfaceOrientationLandscapeLeft UIInterfaceOrientationLandscapeRight";
				INFOPLIST_KEY_UISupportedInterfaceOrientations_iPhone = "UIInterfaceOrientationPortrait UIInterfaceOrientationLandscapeLeft UIInterfaceOrientationLandscapeRight";
				LD_RUNPATH_SEARCH_PATHS = (
					"$(inherited)",
					"@executable_path/Frameworks",
				);
				MARKETING_VERSION = 1.0;
				PRODUCT_BUNDLE_IDENTIFIER = edu.missouri.ARDemo;
				PRODUCT_NAME = "$(TARGET_NAME)";
				SWIFT_EMIT_LOC_STRINGS = YES;
				SWIFT_VERSION = 5.0;
				TARGETED_DEVICE_FAMILY = "1,2";
			};
			name = Release;
		};
		B704003F29EF779F00C47193 /* Debug */ = {
			isa = XCBuildConfiguration;
			buildSettings = {
				ALWAYS_EMBED_SWIFT_STANDARD_LIBRARIES = YES;
				BUNDLE_LOADER = "$(TEST_HOST)";
				CODE_SIGN_STYLE = Automatic;
				CURRENT_PROJECT_VERSION = 1;
				GENERATE_INFOPLIST_FILE = YES;
				IPHONEOS_DEPLOYMENT_TARGET = 16.4;
				MARKETING_VERSION = 1.0;
				PRODUCT_BUNDLE_IDENTIFIER = edu.missouri.ARDemoTests;
				PRODUCT_NAME = "$(TARGET_NAME)";
				SWIFT_EMIT_LOC_STRINGS = NO;
				SWIFT_VERSION = 5.0;
				TARGETED_DEVICE_FAMILY = "1,2";
				TEST_HOST = "$(BUILT_PRODUCTS_DIR)/ARDemo.app/$(BUNDLE_EXECUTABLE_FOLDER_PATH)/ARDemo";
			};
			name = Debug;
		};
		B704004029EF779F00C47193 /* Release */ = {
			isa = XCBuildConfiguration;
			buildSettings = {
				ALWAYS_EMBED_SWIFT_STANDARD_LIBRARIES = YES;
				BUNDLE_LOADER = "$(TEST_HOST)";
				CODE_SIGN_STYLE = Automatic;
				CURRENT_PROJECT_VERSION = 1;
				GENERATE_INFOPLIST_FILE = YES;
				IPHONEOS_DEPLOYMENT_TARGET = 16.4;
				MARKETING_VERSION = 1.0;
				PRODUCT_BUNDLE_IDENTIFIER = edu.missouri.ARDemoTests;
				PRODUCT_NAME = "$(TARGET_NAME)";
				SWIFT_EMIT_LOC_STRINGS = NO;
				SWIFT_VERSION = 5.0;
				TARGETED_DEVICE_FAMILY = "1,2";
				TEST_HOST = "$(BUILT_PRODUCTS_DIR)/ARDemo.app/$(BUNDLE_EXECUTABLE_FOLDER_PATH)/ARDemo";
			};
			name = Release;
		};
		B704004229EF779F00C47193 /* Debug */ = {
			isa = XCBuildConfiguration;
			buildSettings = {
				ALWAYS_EMBED_SWIFT_STANDARD_LIBRARIES = YES;
				CODE_SIGN_STYLE = Automatic;
				CURRENT_PROJECT_VERSION = 1;
				GENERATE_INFOPLIST_FILE = YES;
				MARKETING_VERSION = 1.0;
				PRODUCT_BUNDLE_IDENTIFIER = edu.missouri.ARDemoUITests;
				PRODUCT_NAME = "$(TARGET_NAME)";
				SWIFT_EMIT_LOC_STRINGS = NO;
				SWIFT_VERSION = 5.0;
				TARGETED_DEVICE_FAMILY = "1,2";
				TEST_TARGET_NAME = ARDemo;
			};
			name = Debug;
		};
		B704004329EF779F00C47193 /* Release */ = {
			isa = XCBuildConfiguration;
			buildSettings = {
				ALWAYS_EMBED_SWIFT_STANDARD_LIBRARIES = YES;
				CODE_SIGN_STYLE = Automatic;
				CURRENT_PROJECT_VERSION = 1;
				GENERATE_INFOPLIST_FILE = YES;
				MARKETING_VERSION = 1.0;
				PRODUCT_BUNDLE_IDENTIFIER = edu.missouri.ARDemoUITests;
				PRODUCT_NAME = "$(TARGET_NAME)";
				SWIFT_EMIT_LOC_STRINGS = NO;
				SWIFT_VERSION = 5.0;
				TARGETED_DEVICE_FAMILY = "1,2";
				TEST_TARGET_NAME = ARDemo;
			};
			name = Release;
		};
/* End XCBuildConfiguration section */

/* Begin XCConfigurationList section */
		B704001029EF779E00C47193 /* Build configuration list for PBXProject "ARDemo" */ = {
			isa = XCConfigurationList;
			buildConfigurations = (
				B704003929EF779F00C47193 /* Debug */,
				B704003A29EF779F00C47193 /* Release */,
			);
			defaultConfigurationIsVisible = 0;
			defaultConfigurationName = Release;
		};
		B704003B29EF779F00C47193 /* Build configuration list for PBXNativeTarget "ARDemo" */ = {
			isa = XCConfigurationList;
			buildConfigurations = (
				B704003C29EF779F00C47193 /* Debug */,
				B704003D29EF779F00C47193 /* Release */,
			);
			defaultConfigurationIsVisible = 0;
			defaultConfigurationName = Release;
		};
		B704003E29EF779F00C47193 /* Build configuration list for PBXNativeTarget "ARDemoTests" */ = {
			isa = XCConfigurationList;
			buildConfigurations = (
				B704003F29EF779F00C47193 /* Debug */,
				B704004029EF779F00C47193 /* Release */,
			);
			defaultConfigurationIsVisible = 0;
			defaultConfigurationName = Release;
		};
		B704004129EF779F00C47193 /* Build configuration list for PBXNativeTarget "ARDemoUITests" */ = {
			isa = XCConfigurationList;
			buildConfigurations = (
				B704004229EF779F00C47193 /* Debug */,
				B704004329EF779F00C47193 /* Release */,
			);
			defaultConfigurationIsVisible = 0;
			defaultConfigurationName = Release;
		};
/* End XCConfigurationList section */
	};
	rootObject = B704000D29EF779E00C47193 /* Project object */;
}
