// !$*UTF8*$!
{
	archiveVersion = 1;
	classes = {
	};
	objectVersion = 56;
	objects = {

/* Begin PBXBuildFile section */
		9475229E2AB7B74C008F9756 /* SplashScreen.swift in Sources */ = {isa = PBXBuildFile; fileRef = 9475229D2AB7B74C008F9756 /* SplashScreen.swift */; };
		B70556542ABCDEE2001FDAF1 /* Tap.swift in Sources */ = {isa = PBXBuildFile; fileRef = B70556532ABCDEE2001FDAF1 /* Tap.swift */; };
		B7B2C40A2AAF8D2500454BCB /* CityARView.swift in Sources */ = {isa = PBXBuildFile; fileRef = B7B2C4092AAF8D2500454BCB /* CityARView.swift */; };
		BD1322262A70C1A80079614E /* Map in Frameworks */ = {isa = PBXBuildFile; productRef = BD1322252A70C1A80079614E /* Map */; };
		BD163B802A46A70F0048AE2B /* ReviewCard.swift in Sources */ = {isa = PBXBuildFile; fileRef = BD163B7F2A46A70F0048AE2B /* ReviewCard.swift */; };
		BD163B822A46AB8C0048AE2B /* RatingStar.swift in Sources */ = {isa = PBXBuildFile; fileRef = BD163B812A46AB8C0048AE2B /* RatingStar.swift */; };
		BD163B852A47A27A0048AE2B /* POIMapView.swift in Sources */ = {isa = PBXBuildFile; fileRef = BD163B842A47A27A0048AE2B /* POIMapView.swift */; };
		BD163B872A47AE070048AE2B /* POICard.swift in Sources */ = {isa = PBXBuildFile; fileRef = BD163B862A47AE070048AE2B /* POICard.swift */; };
		BD163B892A47C08F0048AE2B /* LocationManager.swift in Sources */ = {isa = PBXBuildFile; fileRef = BD163B882A47C08F0048AE2B /* LocationManager.swift */; };
		BD163B8E2A49636D0048AE2B /* LaunchScreen.storyboard in Resources */ = {isa = PBXBuildFile; fileRef = BD163B8C2A49636D0048AE2B /* LaunchScreen.storyboard */; };
		BD163B902A54B6210048AE2B /* MapView.swift in Sources */ = {isa = PBXBuildFile; fileRef = BD163B8F2A54B6210048AE2B /* MapView.swift */; };
		BD163B922A54C5D10048AE2B /* AnnotationItem.swift in Sources */ = {isa = PBXBuildFile; fileRef = BD163B912A54C5D10048AE2B /* AnnotationItem.swift */; };
		BD163B942A54CFAA0048AE2B /* CrimeViewModel.swift in Sources */ = {isa = PBXBuildFile; fileRef = BD163B932A54CFAA0048AE2B /* CrimeViewModel.swift */; };
		BD1BB8672A70C99200CB7DD4 /* Crime.swift in Sources */ = {isa = PBXBuildFile; fileRef = BD1BB8662A70C99200CB7DD4 /* Crime.swift */; };
		BD4195252A415E2F00D47A65 /* Experience.rcproject in Sources */ = {isa = PBXBuildFile; fileRef = BD4195242A415E2F00D47A65 /* Experience.rcproject */; };
		BD4195332A415F2F00D47A65 /* Result.swift in Sources */ = {isa = PBXBuildFile; fileRef = BD4195262A415F2E00D47A65 /* Result.swift */; };
		BD4195342A415F2F00D47A65 /* Coordinate.swift in Sources */ = {isa = PBXBuildFile; fileRef = BD4195272A415F2E00D47A65 /* Coordinate.swift */; };
		BD4195352A415F2F00D47A65 /* TimeSlot.swift in Sources */ = {isa = PBXBuildFile; fileRef = BD4195282A415F2E00D47A65 /* TimeSlot.swift */; };
		BD4195362A415F2F00D47A65 /* BusinessReviewsReponse.swift in Sources */ = {isa = PBXBuildFile; fileRef = BD4195292A415F2E00D47A65 /* BusinessReviewsReponse.swift */; };
		BD4195372A415F2F00D47A65 /* CrimeResponse.swift in Sources */ = {isa = PBXBuildFile; fileRef = BD41952A2A415F2E00D47A65 /* CrimeResponse.swift */; };
		BD4195382A415F2F00D47A65 /* User.swift in Sources */ = {isa = PBXBuildFile; fileRef = BD41952B2A415F2E00D47A65 /* User.swift */; };
		BD4195392A415F2F00D47A65 /* POI.swift in Sources */ = {isa = PBXBuildFile; fileRef = BD41952C2A415F2E00D47A65 /* POI.swift */; };
		BD41953A2A415F2F00D47A65 /* CrimeDataAccess.swift in Sources */ = {isa = PBXBuildFile; fileRef = BD41952D2A415F2F00D47A65 /* CrimeDataAccess.swift */; };
		BD41953B2A415F2F00D47A65 /* Configuration.swift in Sources */ = {isa = PBXBuildFile; fileRef = BD41952E2A415F2F00D47A65 /* Configuration.swift */; };
		BD41953C2A415F2F00D47A65 /* BusinessDataAccess.swift in Sources */ = {isa = PBXBuildFile; fileRef = BD41952F2A415F2F00D47A65 /* BusinessDataAccess.swift */; };
		BD41953D2A415F2F00D47A65 /* Address.swift in Sources */ = {isa = PBXBuildFile; fileRef = BD4195302A415F2F00D47A65 /* Address.swift */; };
		BD41953E2A415F2F00D47A65 /* HttpClientHelper.swift in Sources */ = {isa = PBXBuildFile; fileRef = BD4195312A415F2F00D47A65 /* HttpClientHelper.swift */; };
		BD41953F2A415F2F00D47A65 /* Review.swift in Sources */ = {isa = PBXBuildFile; fileRef = BD4195322A415F2F00D47A65 /* Review.swift */; };
		BD4195492A41603F00D47A65 /* POIViewModel.swift in Sources */ = {isa = PBXBuildFile; fileRef = BD4195482A41603F00D47A65 /* POIViewModel.swift */; };
		BD41954C2A41607100D47A65 /* LoadingState.swift in Sources */ = {isa = PBXBuildFile; fileRef = BD41954B2A41607100D47A65 /* LoadingState.swift */; };
		BD41954E2A41611A00D47A65 /* LoadableObject.swift in Sources */ = {isa = PBXBuildFile; fileRef = BD41954D2A41611A00D47A65 /* LoadableObject.swift */; };
		BD4195502A41614000D47A65 /* AsyncContentView.swift in Sources */ = {isa = PBXBuildFile; fileRef = BD41954F2A41614000D47A65 /* AsyncContentView.swift */; };
		BD4195522A4162CA00D47A65 /* ErrorView.swift in Sources */ = {isa = PBXBuildFile; fileRef = BD4195512A4162CA00D47A65 /* ErrorView.swift */; };
		BD4195552A42A56000D47A65 /* LoadingError.swift in Sources */ = {isa = PBXBuildFile; fileRef = BD4195542A42A56000D47A65 /* LoadingError.swift */; };
		BD4195592A42BB1000D47A65 /* CityTourViewModel.swift in Sources */ = {isa = PBXBuildFile; fileRef = BD4195582A42BB1000D47A65 /* CityTourViewModel.swift */; };
		BDF1CEC72A4127D70053A5EA /* AppDelegate.swift in Sources */ = {isa = PBXBuildFile; fileRef = BDF1CEC62A4127D70053A5EA /* AppDelegate.swift */; };
		BDF1CED02A4127DA0053A5EA /* Assets.xcassets in Resources */ = {isa = PBXBuildFile; fileRef = BDF1CECF2A4127DA0053A5EA /* Assets.xcassets */; };
		BDF1CEDE2A4127DA0053A5EA /* CityAssistantTests.swift in Sources */ = {isa = PBXBuildFile; fileRef = BDF1CEDD2A4127DA0053A5EA /* CityAssistantTests.swift */; };
		BDF1CEE82A4127DA0053A5EA /* CityAssistantUITests.swift in Sources */ = {isa = PBXBuildFile; fileRef = BDF1CEE72A4127DA0053A5EA /* CityAssistantUITests.swift */; };
		BDF1CEEA2A4127DA0053A5EA /* CityAssistantUITestsLaunchTests.swift in Sources */ = {isa = PBXBuildFile; fileRef = BDF1CEE92A4127DA0053A5EA /* CityAssistantUITestsLaunchTests.swift */; };
		BDF1CEF92A4128B40053A5EA /* ContentView.swift in Sources */ = {isa = PBXBuildFile; fileRef = BDF1CEF82A4128B40053A5EA /* ContentView.swift */; };
		BDF1CEFB2A4128EA0053A5EA /* AboutView.swift in Sources */ = {isa = PBXBuildFile; fileRef = BDF1CEFA2A4128EA0053A5EA /* AboutView.swift */; };
		BDF1CEFD2A4129270053A5EA /* CrimeView.swift in Sources */ = {isa = PBXBuildFile; fileRef = BDF1CEFC2A4129270053A5EA /* CrimeView.swift */; };
		BDF1CEFF2A41295C0053A5EA /* POIView.swift in Sources */ = {isa = PBXBuildFile; fileRef = BDF1CEFE2A41295C0053A5EA /* POIView.swift */; };
		BDF1CF032A413D340053A5EA /* CityTourView.swift in Sources */ = {isa = PBXBuildFile; fileRef = BDF1CF022A413D340053A5EA /* CityTourView.swift */; };
/* End PBXBuildFile section */

/* Begin PBXContainerItemProxy section */
		BDF1CEDA2A4127DA0053A5EA /* PBXContainerItemProxy */ = {
			isa = PBXContainerItemProxy;
			containerPortal = BDF1CEBB2A4127D70053A5EA /* Project object */;
			proxyType = 1;
			remoteGlobalIDString = BDF1CEC22A4127D70053A5EA;
			remoteInfo = CityAssistant;
		};
		BDF1CEE42A4127DA0053A5EA /* PBXContainerItemProxy */ = {
			isa = PBXContainerItemProxy;
			containerPortal = BDF1CEBB2A4127D70053A5EA /* Project object */;
			proxyType = 1;
			remoteGlobalIDString = BDF1CEC22A4127D70053A5EA;
			remoteInfo = CityAssistant;
		};
/* End PBXContainerItemProxy section */

/* Begin PBXFileReference section */
		B70556532ABCDEE2001FDAF1 /* Tap.swift */ = {isa = PBXFileReference; lastKnownFileType = sourcecode.swift; path = Tap.swift; sourceTree = "<group>"; };
		B7B2C4092AAF8D2500454BCB /* CityARView.swift */ = {isa = PBXFileReference; lastKnownFileType = sourcecode.swift; path = CityARView.swift; sourceTree = "<group>"; };
		BD163B7F2A46A70F0048AE2B /* ReviewCard.swift */ = {isa = PBXFileReference; lastKnownFileType = sourcecode.swift; path = ReviewCard.swift; sourceTree = "<group>"; };
		BD163B812A46AB8C0048AE2B /* RatingStar.swift */ = {isa = PBXFileReference; lastKnownFileType = sourcecode.swift; path = RatingStar.swift; sourceTree = "<group>"; };
		BD163B832A46B0BE0048AE2B /* Development.xcconfig */ = {isa = PBXFileReference; lastKnownFileType = text.xcconfig; path = Development.xcconfig; sourceTree = "<group>"; };
		BD163B842A47A27A0048AE2B /* POIMapView.swift */ = {isa = PBXFileReference; lastKnownFileType = sourcecode.swift; path = POIMapView.swift; sourceTree = "<group>"; };
		BD163B862A47AE070048AE2B /* POICard.swift */ = {isa = PBXFileReference; lastKnownFileType = sourcecode.swift; path = POICard.swift; sourceTree = "<group>"; };
		BD163B882A47C08F0048AE2B /* LocationManager.swift */ = {isa = PBXFileReference; lastKnownFileType = sourcecode.swift; path = LocationManager.swift; sourceTree = "<group>"; };
		BD163B8D2A49636D0048AE2B /* Base */ = {isa = PBXFileReference; lastKnownFileType = file.storyboard; name = Base; path = CityAssistant/Base.lproj/LaunchScreen.storyboard; sourceTree = "<group>"; };
		BD163B8F2A54B6210048AE2B /* MapView.swift */ = {isa = PBXFileReference; lastKnownFileType = sourcecode.swift; path = MapView.swift; sourceTree = "<group>"; };
		BD163B912A54C5D10048AE2B /* AnnotationItem.swift */ = {isa = PBXFileReference; lastKnownFileType = sourcecode.swift; path = AnnotationItem.swift; sourceTree = "<group>"; };
		BD163B932A54CFAA0048AE2B /* CrimeViewModel.swift */ = {isa = PBXFileReference; lastKnownFileType = sourcecode.swift; path = CrimeViewModel.swift; sourceTree = "<group>"; };
		BD1BB8662A70C99200CB7DD4 /* Crime.swift */ = {isa = PBXFileReference; lastKnownFileType = sourcecode.swift; path = Crime.swift; sourceTree = "<group>"; };
		BD4195242A415E2F00D47A65 /* Experience.rcproject */ = {isa = PBXFileReference; lastKnownFileType = file.rcproject; path = Experience.rcproject; sourceTree = "<group>"; };
		BD4195262A415F2E00D47A65 /* Result.swift */ = {isa = PBXFileReference; fileEncoding = 4; lastKnownFileType = sourcecode.swift; path = Result.swift; sourceTree = "<group>"; };
		BD4195272A415F2E00D47A65 /* Coordinate.swift */ = {isa = PBXFileReference; fileEncoding = 4; lastKnownFileType = sourcecode.swift; path = Coordinate.swift; sourceTree = "<group>"; };
		BD4195282A415F2E00D47A65 /* TimeSlot.swift */ = {isa = PBXFileReference; fileEncoding = 4; lastKnownFileType = sourcecode.swift; path = TimeSlot.swift; sourceTree = "<group>"; };
		BD4195292A415F2E00D47A65 /* BusinessReviewsReponse.swift */ = {isa = PBXFileReference; fileEncoding = 4; lastKnownFileType = sourcecode.swift; path = BusinessReviewsReponse.swift; sourceTree = "<group>"; };
		BD41952A2A415F2E00D47A65 /* CrimeResponse.swift */ = {isa = PBXFileReference; fileEncoding = 4; lastKnownFileType = sourcecode.swift; path = CrimeResponse.swift; sourceTree = "<group>"; };
		BD41952B2A415F2E00D47A65 /* User.swift */ = {isa = PBXFileReference; fileEncoding = 4; lastKnownFileType = sourcecode.swift; path = User.swift; sourceTree = "<group>"; };
		BD41952C2A415F2E00D47A65 /* POI.swift */ = {isa = PBXFileReference; fileEncoding = 4; lastKnownFileType = sourcecode.swift; path = POI.swift; sourceTree = "<group>"; };
		BD41952D2A415F2F00D47A65 /* CrimeDataAccess.swift */ = {isa = PBXFileReference; fileEncoding = 4; lastKnownFileType = sourcecode.swift; path = CrimeDataAccess.swift; sourceTree = "<group>"; };
		BD41952E2A415F2F00D47A65 /* Configuration.swift */ = {isa = PBXFileReference; fileEncoding = 4; lastKnownFileType = sourcecode.swift; path = Configuration.swift; sourceTree = "<group>"; };
		BD41952F2A415F2F00D47A65 /* BusinessDataAccess.swift */ = {isa = PBXFileReference; fileEncoding = 4; lastKnownFileType = sourcecode.swift; path = BusinessDataAccess.swift; sourceTree = "<group>"; };
		BD4195302A415F2F00D47A65 /* Address.swift */ = {isa = PBXFileReference; fileEncoding = 4; lastKnownFileType = sourcecode.swift; path = Address.swift; sourceTree = "<group>"; };
		BD4195312A415F2F00D47A65 /* HttpClientHelper.swift */ = {isa = PBXFileReference; fileEncoding = 4; lastKnownFileType = sourcecode.swift; path = HttpClientHelper.swift; sourceTree = "<group>"; };
		BD4195322A415F2F00D47A65 /* Review.swift */ = {isa = PBXFileReference; fileEncoding = 4; lastKnownFileType = sourcecode.swift; path = Review.swift; sourceTree = "<group>"; };
		BD4195482A41603F00D47A65 /* POIViewModel.swift */ = {isa = PBXFileReference; lastKnownFileType = sourcecode.swift; path = POIViewModel.swift; sourceTree = "<group>"; };
		BD41954B2A41607100D47A65 /* LoadingState.swift */ = {isa = PBXFileReference; lastKnownFileType = sourcecode.swift; path = LoadingState.swift; sourceTree = "<group>"; };
		BD41954D2A41611A00D47A65 /* LoadableObject.swift */ = {isa = PBXFileReference; lastKnownFileType = sourcecode.swift; path = LoadableObject.swift; sourceTree = "<group>"; };
		BD41954F2A41614000D47A65 /* AsyncContentView.swift */ = {isa = PBXFileReference; lastKnownFileType = sourcecode.swift; path = AsyncContentView.swift; sourceTree = "<group>"; };
		BD4195512A4162CA00D47A65 /* ErrorView.swift */ = {isa = PBXFileReference; lastKnownFileType = sourcecode.swift; path = ErrorView.swift; sourceTree = "<group>"; };
		BD4195542A42A56000D47A65 /* LoadingError.swift */ = {isa = PBXFileReference; lastKnownFileType = sourcecode.swift; path = LoadingError.swift; sourceTree = "<group>"; };
		BD4195582A42BB1000D47A65 /* CityTourViewModel.swift */ = {isa = PBXFileReference; lastKnownFileType = sourcecode.swift; path = CityTourViewModel.swift; sourceTree = "<group>"; };
		BDF1CEC32A4127D70053A5EA /* CityAssistant.app */ = {isa = PBXFileReference; explicitFileType = wrapper.application; includeInIndex = 0; path = CityAssistant.app; sourceTree = BUILT_PRODUCTS_DIR; };
		BDF1CEC62A4127D70053A5EA /* AppDelegate.swift */ = {isa = PBXFileReference; lastKnownFileType = sourcecode.swift; path = AppDelegate.swift; sourceTree = "<group>"; };
		BDF1CECF2A4127DA0053A5EA /* Assets.xcassets */ = {isa = PBXFileReference; lastKnownFileType = folder.assetcatalog; path = Assets.xcassets; sourceTree = "<group>"; };
		BDF1CED42A4127DA0053A5EA /* Info.plist */ = {isa = PBXFileReference; lastKnownFileType = text.plist.xml; path = Info.plist; sourceTree = "<group>"; };
		BDF1CED92A4127DA0053A5EA /* CityAssistantTests.xctest */ = {isa = PBXFileReference; explicitFileType = wrapper.cfbundle; includeInIndex = 0; path = CityAssistantTests.xctest; sourceTree = BUILT_PRODUCTS_DIR; };
		BDF1CEDD2A4127DA0053A5EA /* CityAssistantTests.swift */ = {isa = PBXFileReference; lastKnownFileType = sourcecode.swift; path = CityAssistantTests.swift; sourceTree = "<group>"; };
		BDF1CEE32A4127DA0053A5EA /* CityAssistantUITests.xctest */ = {isa = PBXFileReference; explicitFileType = wrapper.cfbundle; includeInIndex = 0; path = CityAssistantUITests.xctest; sourceTree = BUILT_PRODUCTS_DIR; };
		BDF1CEE72A4127DA0053A5EA /* CityAssistantUITests.swift */ = {isa = PBXFileReference; lastKnownFileType = sourcecode.swift; path = CityAssistantUITests.swift; sourceTree = "<group>"; };
		BDF1CEE92A4127DA0053A5EA /* CityAssistantUITestsLaunchTests.swift */ = {isa = PBXFileReference; lastKnownFileType = sourcecode.swift; path = CityAssistantUITestsLaunchTests.swift; sourceTree = "<group>"; };
		BDF1CEF82A4128B40053A5EA /* ContentView.swift */ = {isa = PBXFileReference; lastKnownFileType = sourcecode.swift; path = ContentView.swift; sourceTree = "<group>"; };
		BDF1CEFA2A4128EA0053A5EA /* AboutView.swift */ = {isa = PBXFileReference; lastKnownFileType = sourcecode.swift; path = AboutView.swift; sourceTree = "<group>"; };
		BDF1CEFC2A4129270053A5EA /* CrimeView.swift */ = {isa = PBXFileReference; lastKnownFileType = sourcecode.swift; path = CrimeView.swift; sourceTree = "<group>"; };
		BDF1CEFE2A41295C0053A5EA /* POIView.swift */ = {isa = PBXFileReference; lastKnownFileType = sourcecode.swift; path = POIView.swift; sourceTree = "<group>"; };
		BDF1CF022A413D340053A5EA /* CityTourView.swift */ = {isa = PBXFileReference; lastKnownFileType = sourcecode.swift; path = CityTourView.swift; sourceTree = "<group>"; };
/* End PBXFileReference section */

/* Begin PBXFrameworksBuildPhase section */
		BDF1CEC02A4127D70053A5EA /* Frameworks */ = {
			isa = PBXFrameworksBuildPhase;
			buildActionMask = 2147483647;
			files = (
				BD1322262A70C1A80079614E /* Map in Frameworks */,
			);
			runOnlyForDeploymentPostprocessing = 0;
		};
		BDF1CED62A4127DA0053A5EA /* Frameworks */ = {
			isa = PBXFrameworksBuildPhase;
			buildActionMask = 2147483647;
			files = (
			);
			runOnlyForDeploymentPostprocessing = 0;
		};
		BDF1CEE02A4127DA0053A5EA /* Frameworks */ = {
			isa = PBXFrameworksBuildPhase;
			buildActionMask = 2147483647;
			files = (
			);
			runOnlyForDeploymentPostprocessing = 0;
		};
/* End PBXFrameworksBuildPhase section */

/* Begin PBXGroup section */
		BD163B7E2A46A6FE0048AE2B /* Business */ = {
			isa = PBXGroup;
			children = (
				BD163B7F2A46A70F0048AE2B /* ReviewCard.swift */,
				BD163B812A46AB8C0048AE2B /* RatingStar.swift */,
				BD163B862A47AE070048AE2B /* POICard.swift */,
			);
			path = Business;
			sourceTree = "<group>";
		};
		BD4195402A415F3B00D47A65 /* Models */ = {
			isa = PBXGroup;
			children = (
				BD4195422A415F5500D47A65 /* Business */,
				BD4195432A415F5B00D47A65 /* Crime */,
				BD41954A2A41604F00D47A65 /* Enums */,
				BD4195302A415F2F00D47A65 /* Address.swift */,
				BD4195272A415F2E00D47A65 /* Coordinate.swift */,
				BD4195262A415F2E00D47A65 /* Result.swift */,
				BD41954D2A41611A00D47A65 /* LoadableObject.swift */,
				BD163B912A54C5D10048AE2B /* AnnotationItem.swift */,
			);
			path = Models;
			sourceTree = "<group>";
		};
		BD4195412A415F4000D47A65 /* DataAccess */ = {
			isa = PBXGroup;
			children = (
				BD41952F2A415F2F00D47A65 /* BusinessDataAccess.swift */,
				BD41952D2A415F2F00D47A65 /* CrimeDataAccess.swift */,
			);
			path = DataAccess;
			sourceTree = "<group>";
		};
		BD4195422A415F5500D47A65 /* Business */ = {
			isa = PBXGroup;
			children = (
				BD41952C2A415F2E00D47A65 /* POI.swift */,
				BD4195322A415F2F00D47A65 /* Review.swift */,
				BD41952B2A415F2E00D47A65 /* User.swift */,
				BD4195442A415F6200D47A65 /* Responses */,
			);
			path = Business;
			sourceTree = "<group>";
		};
		BD4195432A415F5B00D47A65 /* Crime */ = {
			isa = PBXGroup;
			children = (
				BD1BB8662A70C99200CB7DD4 /* Crime.swift */,
				BD4195282A415F2E00D47A65 /* TimeSlot.swift */,
				BD4195462A415F8B00D47A65 /* Responses */,
			);
			path = Crime;
			sourceTree = "<group>";
		};
		BD4195442A415F6200D47A65 /* Responses */ = {
			isa = PBXGroup;
			children = (
				BD4195292A415F2E00D47A65 /* BusinessReviewsReponse.swift */,
			);
			path = Responses;
			sourceTree = "<group>";
		};
		BD4195452A415F7400D47A65 /* Utilities */ = {
			isa = PBXGroup;
			children = (
				BD41952E2A415F2F00D47A65 /* Configuration.swift */,
				BD4195312A415F2F00D47A65 /* HttpClientHelper.swift */,
				BD163B882A47C08F0048AE2B /* LocationManager.swift */,
			);
			path = Utilities;
			sourceTree = "<group>";
		};
		BD4195462A415F8B00D47A65 /* Responses */ = {
			isa = PBXGroup;
			children = (
				BD41952A2A415F2E00D47A65 /* CrimeResponse.swift */,
			);
			path = Responses;
			sourceTree = "<group>";
		};
		BD4195472A41603400D47A65 /* ViewModels */ = {
			isa = PBXGroup;
			children = (
				BD4195482A41603F00D47A65 /* POIViewModel.swift */,
				BD4195582A42BB1000D47A65 /* CityTourViewModel.swift */,
				BD163B932A54CFAA0048AE2B /* CrimeViewModel.swift */,
				B70556532ABCDEE2001FDAF1 /* Tap.swift */,
			);
			path = ViewModels;
			sourceTree = "<group>";
		};
		BD41954A2A41604F00D47A65 /* Enums */ = {
			isa = PBXGroup;
			children = (
				BD41954B2A41607100D47A65 /* LoadingState.swift */,
				BD4195542A42A56000D47A65 /* LoadingError.swift */,
			);
			path = Enums;
			sourceTree = "<group>";
		};
		BD4195532A4162F900D47A65 /* Loading */ = {
			isa = PBXGroup;
			children = (
				BD4195512A4162CA00D47A65 /* ErrorView.swift */,
				BD41954F2A41614000D47A65 /* AsyncContentView.swift */,
			);
			path = Loading;
			sourceTree = "<group>";
		};
		BDF1CEBA2A4127D70053A5EA = {
			isa = PBXGroup;
			children = (
				BD163B8C2A49636D0048AE2B /* LaunchScreen.storyboard */,
				BDF1CEC52A4127D70053A5EA /* CityAssistant */,
				BDF1CEDC2A4127DA0053A5EA /* CityAssistantTests */,
				BDF1CEE62A4127DA0053A5EA /* CityAssistantUITests */,
				BDF1CEC42A4127D70053A5EA /* Products */,
			);
			sourceTree = "<group>";
		};
		BDF1CEC42A4127D70053A5EA /* Products */ = {
			isa = PBXGroup;
			children = (
				BDF1CEC32A4127D70053A5EA /* CityAssistant.app */,
				BDF1CED92A4127DA0053A5EA /* CityAssistantTests.xctest */,
				BDF1CEE32A4127DA0053A5EA /* CityAssistantUITests.xctest */,
			);
			name = Products;
			sourceTree = "<group>";
		};
		BDF1CEC52A4127D70053A5EA /* CityAssistant */ = {
			isa = PBXGroup;
			children = (
				BD4195472A41603400D47A65 /* ViewModels */,
				BD4195452A415F7400D47A65 /* Utilities */,
				BD4195412A415F4000D47A65 /* DataAccess */,
				BD4195402A415F3B00D47A65 /* Models */,
				BDF1CEF62A4128580053A5EA /* Views */,
				BDF1CEC62A4127D70053A5EA /* AppDelegate.swift */,
				BD4195242A415E2F00D47A65 /* Experience.rcproject */,
				BDF1CECF2A4127DA0053A5EA /* Assets.xcassets */,
				BDF1CED42A4127DA0053A5EA /* Info.plist */,
				BD163B832A46B0BE0048AE2B /* Development.xcconfig */,
			);
			path = CityAssistant;
			sourceTree = "<group>";
		};
		BDF1CEDC2A4127DA0053A5EA /* CityAssistantTests */ = {
			isa = PBXGroup;
			children = (
				BDF1CEDD2A4127DA0053A5EA /* CityAssistantTests.swift */,
			);
			path = CityAssistantTests;
			sourceTree = "<group>";
		};
		BDF1CEE62A4127DA0053A5EA /* CityAssistantUITests */ = {
			isa = PBXGroup;
			children = (
				BDF1CEE72A4127DA0053A5EA /* CityAssistantUITests.swift */,
				BDF1CEE92A4127DA0053A5EA /* CityAssistantUITestsLaunchTests.swift */,
			);
			path = CityAssistantUITests;
			sourceTree = "<group>";
		};
		BDF1CEF62A4128580053A5EA /* Views */ = {
			isa = PBXGroup;
			children = (
				BDF1CEF72A41285F0053A5EA /* Component Views */,
				BDF1CEF82A4128B40053A5EA /* ContentView.swift */,
				BDF1CEFA2A4128EA0053A5EA /* AboutView.swift */,
				9475229D2AB7B74C008F9756 /* SplashScreen.swift */,
				BDF1CEFC2A4129270053A5EA /* CrimeView.swift */,
				BDF1CEFE2A41295C0053A5EA /* POIView.swift */,
				BD163B842A47A27A0048AE2B /* POIMapView.swift */,
				BDF1CF022A413D340053A5EA /* CityTourView.swift */,
				B7B2C4092AAF8D2500454BCB /* CityARView.swift */,
			);
			path = Views;
			sourceTree = "<group>";
		};
		BDF1CEF72A41285F0053A5EA /* Component Views */ = {
			isa = PBXGroup;
			children = (
				BD163B7E2A46A6FE0048AE2B /* Business */,
				BD4195532A4162F900D47A65 /* Loading */,
				BD163B8F2A54B6210048AE2B /* MapView.swift */,
			);
			path = "Component Views";
			sourceTree = "<group>";
		};
/* End PBXGroup section */

/* Begin PBXNativeTarget section */
		BDF1CEC22A4127D70053A5EA /* CityAssistant */ = {
			isa = PBXNativeTarget;
			buildConfigurationList = BDF1CEED2A4127DA0053A5EA /* Build configuration list for PBXNativeTarget "CityAssistant" */;
			buildPhases = (
				BDF1CEBF2A4127D70053A5EA /* Sources */,
				BDF1CEC02A4127D70053A5EA /* Frameworks */,
				BDF1CEC12A4127D70053A5EA /* Resources */,
			);
			buildRules = (
			);
			dependencies = (
			);
			name = CityAssistant;
			packageProductDependencies = (
				BD1322252A70C1A80079614E /* Map */,
			);
			productName = CityAssistant;
			productReference = BDF1CEC32A4127D70053A5EA /* CityAssistant.app */;
			productType = "com.apple.product-type.application";
		};
		BDF1CED82A4127DA0053A5EA /* CityAssistantTests */ = {
			isa = PBXNativeTarget;
			buildConfigurationList = BDF1CEF02A4127DA0053A5EA /* Build configuration list for PBXNativeTarget "CityAssistantTests" */;
			buildPhases = (
				BDF1CED52A4127DA0053A5EA /* Sources */,
				BDF1CED62A4127DA0053A5EA /* Frameworks */,
				BDF1CED72A4127DA0053A5EA /* Resources */,
			);
			buildRules = (
			);
			dependencies = (
				BDF1CEDB2A4127DA0053A5EA /* PBXTargetDependency */,
			);
			name = CityAssistantTests;
			productName = CityAssistantTests;
			productReference = BDF1CED92A4127DA0053A5EA /* CityAssistantTests.xctest */;
			productType = "com.apple.product-type.bundle.unit-test";
		};
		BDF1CEE22A4127DA0053A5EA /* CityAssistantUITests */ = {
			isa = PBXNativeTarget;
			buildConfigurationList = BDF1CEF32A4127DA0053A5EA /* Build configuration list for PBXNativeTarget "CityAssistantUITests" */;
			buildPhases = (
				BDF1CEDF2A4127DA0053A5EA /* Sources */,
				BDF1CEE02A4127DA0053A5EA /* Frameworks */,
				BDF1CEE12A4127DA0053A5EA /* Resources */,
			);
			buildRules = (
			);
			dependencies = (
				BDF1CEE52A4127DA0053A5EA /* PBXTargetDependency */,
			);
			name = CityAssistantUITests;
			productName = CityAssistantUITests;
			productReference = BDF1CEE32A4127DA0053A5EA /* CityAssistantUITests.xctest */;
			productType = "com.apple.product-type.bundle.ui-testing";
		};
/* End PBXNativeTarget section */

/* Begin PBXProject section */
		BDF1CEBB2A4127D70053A5EA /* Project object */ = {
			isa = PBXProject;
			attributes = {
				BuildIndependentTargetsInParallel = 1;
				LastSwiftUpdateCheck = 1410;
				LastUpgradeCheck = 1410;
				TargetAttributes = {
					BDF1CEC22A4127D70053A5EA = {
						CreatedOnToolsVersion = 14.1;
					};
					BDF1CED82A4127DA0053A5EA = {
						CreatedOnToolsVersion = 14.1;
						TestTargetID = BDF1CEC22A4127D70053A5EA;
					};
					BDF1CEE22A4127DA0053A5EA = {
						CreatedOnToolsVersion = 14.1;
						TestTargetID = BDF1CEC22A4127D70053A5EA;
					};
				};
			};
			buildConfigurationList = BDF1CEBE2A4127D70053A5EA /* Build configuration list for PBXProject "CityAssistant" */;
			compatibilityVersion = "Xcode 14.0";
			developmentRegion = en;
			hasScannedForEncodings = 0;
			knownRegions = (
				en,
				Base,
			);
			mainGroup = BDF1CEBA2A4127D70053A5EA;
			packageReferences = (
				BD1322242A70C1A80079614E /* XCRemoteSwiftPackageReference "Map" */,
			);
			productRefGroup = BDF1CEC42A4127D70053A5EA /* Products */;
			projectDirPath = "";
			projectRoot = "";
			targets = (
				BDF1CEC22A4127D70053A5EA /* CityAssistant */,
				BDF1CED82A4127DA0053A5EA /* CityAssistantTests */,
				BDF1CEE22A4127DA0053A5EA /* CityAssistantUITests */,
			);
		};
/* End PBXProject section */

/* Begin PBXResourcesBuildPhase section */
		BDF1CEC12A4127D70053A5EA /* Resources */ = {
			isa = PBXResourcesBuildPhase;
			buildActionMask = 2147483647;
			files = (
				BDF1CED02A4127DA0053A5EA /* Assets.xcassets in Resources */,
				BD163B8E2A49636D0048AE2B /* LaunchScreen.storyboard in Resources */,
			);
			runOnlyForDeploymentPostprocessing = 0;
		};
		BDF1CED72A4127DA0053A5EA /* Resources */ = {
			isa = PBXResourcesBuildPhase;
			buildActionMask = 2147483647;
			files = (
			);
			runOnlyForDeploymentPostprocessing = 0;
		};
		BDF1CEE12A4127DA0053A5EA /* Resources */ = {
			isa = PBXResourcesBuildPhase;
			buildActionMask = 2147483647;
			files = (
			);
			runOnlyForDeploymentPostprocessing = 0;
		};
/* End PBXResourcesBuildPhase section */

/* Begin PBXSourcesBuildPhase section */
		BDF1CEBF2A4127D70053A5EA /* Sources */ = {
			isa = PBXSourcesBuildPhase;
			buildActionMask = 2147483647;
			files = (
				BD4195592A42BB1000D47A65 /* CityTourViewModel.swift in Sources */,
				BDF1CEFF2A41295C0053A5EA /* POIView.swift in Sources */,
				BD4195372A415F2F00D47A65 /* CrimeResponse.swift in Sources */,
				B7B2C40A2AAF8D2500454BCB /* CityARView.swift in Sources */,
				BDF1CEFB2A4128EA0053A5EA /* AboutView.swift in Sources */,
				BD41954E2A41611A00D47A65 /* LoadableObject.swift in Sources */,
				BDF1CF032A413D340053A5EA /* CityTourView.swift in Sources */,
				BD4195492A41603F00D47A65 /* POIViewModel.swift in Sources */,
				BD163B922A54C5D10048AE2B /* AnnotationItem.swift in Sources */,
				BD4195522A4162CA00D47A65 /* ErrorView.swift in Sources */,
				BD163B872A47AE070048AE2B /* POICard.swift in Sources */,
				B70556542ABCDEE2001FDAF1 /* Tap.swift in Sources */,
				BDF1CEC72A4127D70053A5EA /* AppDelegate.swift in Sources */,
				BD4195552A42A56000D47A65 /* LoadingError.swift in Sources */,
				BD4195342A415F2F00D47A65 /* Coordinate.swift in Sources */,
				BD41953A2A415F2F00D47A65 /* CrimeDataAccess.swift in Sources */,
				BD4195252A415E2F00D47A65 /* Experience.rcproject in Sources */,
				9475229E2AB7B74C008F9756 /* SplashScreen.swift in Sources */,
				BD163B852A47A27A0048AE2B /* POIMapView.swift in Sources */,
				BD4195382A415F2F00D47A65 /* User.swift in Sources */,
				BD41953C2A415F2F00D47A65 /* BusinessDataAccess.swift in Sources */,
				BD163B892A47C08F0048AE2B /* LocationManager.swift in Sources */,
				BD1BB8672A70C99200CB7DD4 /* Crime.swift in Sources */,
				BD41954C2A41607100D47A65 /* LoadingState.swift in Sources */,
				BD4195332A415F2F00D47A65 /* Result.swift in Sources */,
				BD4195502A41614000D47A65 /* AsyncContentView.swift in Sources */,
				BDF1CEF92A4128B40053A5EA /* ContentView.swift in Sources */,
				BD41953B2A415F2F00D47A65 /* Configuration.swift in Sources */,
				BD41953D2A415F2F00D47A65 /* Address.swift in Sources */,
				BD163B942A54CFAA0048AE2B /* CrimeViewModel.swift in Sources */,
				BD4195362A415F2F00D47A65 /* BusinessReviewsReponse.swift in Sources */,
				BD163B902A54B6210048AE2B /* MapView.swift in Sources */,
				BD4195392A415F2F00D47A65 /* POI.swift in Sources */,
				BD41953F2A415F2F00D47A65 /* Review.swift in Sources */,
				BDF1CEFD2A4129270053A5EA /* CrimeView.swift in Sources */,
				BD4195352A415F2F00D47A65 /* TimeSlot.swift in Sources */,
				BD163B802A46A70F0048AE2B /* ReviewCard.swift in Sources */,
				BD41953E2A415F2F00D47A65 /* HttpClientHelper.swift in Sources */,
				BD163B822A46AB8C0048AE2B /* RatingStar.swift in Sources */,
			);
			runOnlyForDeploymentPostprocessing = 0;
		};
		BDF1CED52A4127DA0053A5EA /* Sources */ = {
			isa = PBXSourcesBuildPhase;
			buildActionMask = 2147483647;
			files = (
				BDF1CEDE2A4127DA0053A5EA /* CityAssistantTests.swift in Sources */,
			);
			runOnlyForDeploymentPostprocessing = 0;
		};
		BDF1CEDF2A4127DA0053A5EA /* Sources */ = {
			isa = PBXSourcesBuildPhase;
			buildActionMask = 2147483647;
			files = (
				BDF1CEEA2A4127DA0053A5EA /* CityAssistantUITestsLaunchTests.swift in Sources */,
				BDF1CEE82A4127DA0053A5EA /* CityAssistantUITests.swift in Sources */,
			);
			runOnlyForDeploymentPostprocessing = 0;
		};
/* End PBXSourcesBuildPhase section */

/* Begin PBXTargetDependency section */
		BDF1CEDB2A4127DA0053A5EA /* PBXTargetDependency */ = {
			isa = PBXTargetDependency;
			target = BDF1CEC22A4127D70053A5EA /* CityAssistant */;
			targetProxy = BDF1CEDA2A4127DA0053A5EA /* PBXContainerItemProxy */;
		};
		BDF1CEE52A4127DA0053A5EA /* PBXTargetDependency */ = {
			isa = PBXTargetDependency;
			target = BDF1CEC22A4127D70053A5EA /* CityAssistant */;
			targetProxy = BDF1CEE42A4127DA0053A5EA /* PBXContainerItemProxy */;
		};
/* End PBXTargetDependency section */

/* Begin PBXVariantGroup section */
		BD163B8C2A49636D0048AE2B /* LaunchScreen.storyboard */ = {
			isa = PBXVariantGroup;
			children = (
				BD163B8D2A49636D0048AE2B /* Base */,
			);
			name = LaunchScreen.storyboard;
			sourceTree = "<group>";
		};
/* End PBXVariantGroup section */

/* Begin XCBuildConfiguration section */
		BDF1CEEB2A4127DA0053A5EA /* Debug */ = {
			isa = XCBuildConfiguration;
			baseConfigurationReference = BD163B832A46B0BE0048AE2B /* Development.xcconfig */;
			buildSettings = {
				ALWAYS_SEARCH_USER_PATHS = NO;
				CLANG_ANALYZER_NONNULL = YES;
				CLANG_ANALYZER_NUMBER_OBJECT_CONVERSION = YES_AGGRESSIVE;
				CLANG_CXX_LANGUAGE_STANDARD = "gnu++20";
				CLANG_ENABLE_MODULES = YES;
				CLANG_ENABLE_OBJC_ARC = YES;
				CLANG_ENABLE_OBJC_WEAK = YES;
				CLANG_WARN_BLOCK_CAPTURE_AUTORELEASING = YES;
				CLANG_WARN_BOOL_CONVERSION = YES;
				CLANG_WARN_COMMA = YES;
				CLANG_WARN_CONSTANT_CONVERSION = YES;
				CLANG_WARN_DEPRECATED_OBJC_IMPLEMENTATIONS = YES;
				CLANG_WARN_DIRECT_OBJC_ISA_USAGE = YES_ERROR;
				CLANG_WARN_DOCUMENTATION_COMMENTS = YES;
				CLANG_WARN_EMPTY_BODY = YES;
				CLANG_WARN_ENUM_CONVERSION = YES;
				CLANG_WARN_INFINITE_RECURSION = YES;
				CLANG_WARN_INT_CONVERSION = YES;
				CLANG_WARN_NON_LITERAL_NULL_CONVERSION = YES;
				CLANG_WARN_OBJC_IMPLICIT_RETAIN_SELF = YES;
				CLANG_WARN_OBJC_LITERAL_CONVERSION = YES;
				CLANG_WARN_OBJC_ROOT_CLASS = YES_ERROR;
				CLANG_WARN_QUOTED_INCLUDE_IN_FRAMEWORK_HEADER = YES;
				CLANG_WARN_RANGE_LOOP_ANALYSIS = YES;
				CLANG_WARN_STRICT_PROTOTYPES = YES;
				CLANG_WARN_SUSPICIOUS_MOVE = YES;
				CLANG_WARN_UNGUARDED_AVAILABILITY = YES_AGGRESSIVE;
				CLANG_WARN_UNREACHABLE_CODE = YES;
				CLANG_WARN__DUPLICATE_METHOD_MATCH = YES;
				COPY_PHASE_STRIP = NO;
				DEBUG_INFORMATION_FORMAT = dwarf;
				ENABLE_STRICT_OBJC_MSGSEND = YES;
				ENABLE_TESTABILITY = YES;
				GCC_C_LANGUAGE_STANDARD = gnu11;
				GCC_DYNAMIC_NO_PIC = NO;
				GCC_NO_COMMON_BLOCKS = YES;
				GCC_OPTIMIZATION_LEVEL = 0;
				GCC_PREPROCESSOR_DEFINITIONS = (
					"DEBUG=1",
					"$(inherited)",
				);
				GCC_WARN_64_TO_32_BIT_CONVERSION = YES;
				GCC_WARN_ABOUT_RETURN_TYPE = YES_ERROR;
				GCC_WARN_UNDECLARED_SELECTOR = YES;
				GCC_WARN_UNINITIALIZED_AUTOS = YES_AGGRESSIVE;
				GCC_WARN_UNUSED_FUNCTION = YES;
				GCC_WARN_UNUSED_VARIABLE = YES;
				IPHONEOS_DEPLOYMENT_TARGET = 16.1;
				MTL_ENABLE_DEBUG_INFO = INCLUDE_SOURCE;
				MTL_FAST_MATH = YES;
				ONLY_ACTIVE_ARCH = YES;
				SDKROOT = iphoneos;
				SWIFT_ACTIVE_COMPILATION_CONDITIONS = DEBUG;
				SWIFT_OPTIMIZATION_LEVEL = "-Onone";
			};
			name = Debug;
		};
		BDF1CEEC2A4127DA0053A5EA /* Release */ = {
			isa = XCBuildConfiguration;
			buildSettings = {
				ALWAYS_SEARCH_USER_PATHS = NO;
				CLANG_ANALYZER_NONNULL = YES;
				CLANG_ANALYZER_NUMBER_OBJECT_CONVERSION = YES_AGGRESSIVE;
				CLANG_CXX_LANGUAGE_STANDARD = "gnu++20";
				CLANG_ENABLE_MODULES = YES;
				CLANG_ENABLE_OBJC_ARC = YES;
				CLANG_ENABLE_OBJC_WEAK = YES;
				CLANG_WARN_BLOCK_CAPTURE_AUTORELEASING = YES;
				CLANG_WARN_BOOL_CONVERSION = YES;
				CLANG_WARN_COMMA = YES;
				CLANG_WARN_CONSTANT_CONVERSION = YES;
				CLANG_WARN_DEPRECATED_OBJC_IMPLEMENTATIONS = YES;
				CLANG_WARN_DIRECT_OBJC_ISA_USAGE = YES_ERROR;
				CLANG_WARN_DOCUMENTATION_COMMENTS = YES;
				CLANG_WARN_EMPTY_BODY = YES;
				CLANG_WARN_ENUM_CONVERSION = YES;
				CLANG_WARN_INFINITE_RECURSION = YES;
				CLANG_WARN_INT_CONVERSION = YES;
				CLANG_WARN_NON_LITERAL_NULL_CONVERSION = YES;
				CLANG_WARN_OBJC_IMPLICIT_RETAIN_SELF = YES;
				CLANG_WARN_OBJC_LITERAL_CONVERSION = YES;
				CLANG_WARN_OBJC_ROOT_CLASS = YES_ERROR;
				CLANG_WARN_QUOTED_INCLUDE_IN_FRAMEWORK_HEADER = YES;
				CLANG_WARN_RANGE_LOOP_ANALYSIS = YES;
				CLANG_WARN_STRICT_PROTOTYPES = YES;
				CLANG_WARN_SUSPICIOUS_MOVE = YES;
				CLANG_WARN_UNGUARDED_AVAILABILITY = YES_AGGRESSIVE;
				CLANG_WARN_UNREACHABLE_CODE = YES;
				CLANG_WARN__DUPLICATE_METHOD_MATCH = YES;
				COPY_PHASE_STRIP = NO;
				DEBUG_INFORMATION_FORMAT = "dwarf-with-dsym";
				ENABLE_NS_ASSERTIONS = NO;
				ENABLE_STRICT_OBJC_MSGSEND = YES;
				GCC_C_LANGUAGE_STANDARD = gnu11;
				GCC_NO_COMMON_BLOCKS = YES;
				GCC_WARN_64_TO_32_BIT_CONVERSION = YES;
				GCC_WARN_ABOUT_RETURN_TYPE = YES_ERROR;
				GCC_WARN_UNDECLARED_SELECTOR = YES;
				GCC_WARN_UNINITIALIZED_AUTOS = YES_AGGRESSIVE;
				GCC_WARN_UNUSED_FUNCTION = YES;
				GCC_WARN_UNUSED_VARIABLE = YES;
				IPHONEOS_DEPLOYMENT_TARGET = 16.1;
				MTL_ENABLE_DEBUG_INFO = NO;
				MTL_FAST_MATH = YES;
				SDKROOT = iphoneos;
				SWIFT_COMPILATION_MODE = wholemodule;
				SWIFT_OPTIMIZATION_LEVEL = "-O";
				VALIDATE_PRODUCT = YES;
			};
			name = Release;
		};
		BDF1CEEE2A4127DA0053A5EA /* Debug */ = {
			isa = XCBuildConfiguration;
			baseConfigurationReference = BD163B832A46B0BE0048AE2B /* Development.xcconfig */;
			buildSettings = {
				ASSETCATALOG_COMPILER_APPICON_NAME = AppIcon;
				ASSETCATALOG_COMPILER_GLOBAL_ACCENT_COLOR_NAME = AccentColor;
				CODE_SIGN_STYLE = Automatic;
				CURRENT_PROJECT_VERSION = 1;
				DEVELOPMENT_TEAM = WRAMRJ6AAF;
				GENERATE_INFOPLIST_FILE = YES;
				INFOPLIST_FILE = CityAssistant/Info.plist;
				INFOPLIST_KEY_NSCameraUsageDescription = "City Assistant requires Camera Permssions";
				INFOPLIST_KEY_NSLocationWhenInUseUsageDescription = "City Assistant requires your location";
				INFOPLIST_KEY_UIApplicationSupportsIndirectInputEvents = YES;
				INFOPLIST_KEY_UILaunchStoryboardName = LaunchScreen.storyboard;
				INFOPLIST_KEY_UISupportedInterfaceOrientations_iPad = "UIInterfaceOrientationPortrait UIInterfaceOrientationPortraitUpsideDown UIInterfaceOrientationLandscapeLeft UIInterfaceOrientationLandscapeRight";
				INFOPLIST_KEY_UISupportedInterfaceOrientations_iPhone = "UIInterfaceOrientationPortrait UIInterfaceOrientationLandscapeLeft UIInterfaceOrientationLandscapeRight";
				LD_RUNPATH_SEARCH_PATHS = (
					"$(inherited)",
					"@executable_path/Frameworks",
				);
				MARKETING_VERSION = 1.0;
				PRODUCT_BUNDLE_IDENTIFIER = net.augmenters.CityAssistant;
				PRODUCT_NAME = "$(TARGET_NAME)";
				SWIFT_EMIT_LOC_STRINGS = YES;
				SWIFT_VERSION = 5.0;
				TARGETED_DEVICE_FAMILY = "1,2";
			};
			name = Debug;
		};
		BDF1CEEF2A4127DA0053A5EA /* Release */ = {
			isa = XCBuildConfiguration;
			buildSettings = {
				ASSETCATALOG_COMPILER_APPICON_NAME = AppIcon;
				ASSETCATALOG_COMPILER_GLOBAL_ACCENT_COLOR_NAME = AccentColor;
				CODE_SIGN_STYLE = Automatic;
				CURRENT_PROJECT_VERSION = 1;
				DEVELOPMENT_TEAM = WRAMRJ6AAF;
				GENERATE_INFOPLIST_FILE = YES;
				INFOPLIST_FILE = CityAssistant/Info.plist;
				INFOPLIST_KEY_NSCameraUsageDescription = "City Assistant requires Camera Permssions";
				INFOPLIST_KEY_NSLocationWhenInUseUsageDescription = "City Assistant requires your location";
				INFOPLIST_KEY_UIApplicationSupportsIndirectInputEvents = YES;
				INFOPLIST_KEY_UILaunchStoryboardName = LaunchScreen.storyboard;
				INFOPLIST_KEY_UISupportedInterfaceOrientations_iPad = "UIInterfaceOrientationPortrait UIInterfaceOrientationPortraitUpsideDown UIInterfaceOrientationLandscapeLeft UIInterfaceOrientationLandscapeRight";
				INFOPLIST_KEY_UISupportedInterfaceOrientations_iPhone = "UIInterfaceOrientationPortrait UIInterfaceOrientationLandscapeLeft UIInterfaceOrientationLandscapeRight";
				LD_RUNPATH_SEARCH_PATHS = (
					"$(inherited)",
					"@executable_path/Frameworks",
				);
				MARKETING_VERSION = 1.0;
				PRODUCT_BUNDLE_IDENTIFIER = net.augmenters.CityAssistant;
				PRODUCT_NAME = "$(TARGET_NAME)";
				SWIFT_EMIT_LOC_STRINGS = YES;
				SWIFT_VERSION = 5.0;
				TARGETED_DEVICE_FAMILY = "1,2";
			};
			name = Release;
		};
		BDF1CEF12A4127DA0053A5EA /* Debug */ = {
			isa = XCBuildConfiguration;
			buildSettings = {
				ALWAYS_EMBED_SWIFT_STANDARD_LIBRARIES = YES;
				BUNDLE_LOADER = "$(TEST_HOST)";
				CODE_SIGN_STYLE = Automatic;
				CURRENT_PROJECT_VERSION = 1;
				DEVELOPMENT_TEAM = X3N2CFBLA9;
				GENERATE_INFOPLIST_FILE = YES;
				IPHONEOS_DEPLOYMENT_TARGET = 16.1;
				MARKETING_VERSION = 1.0;
				PRODUCT_BUNDLE_IDENTIFIER = net.augmenters.CityAssistantTests;
				PRODUCT_NAME = "$(TARGET_NAME)";
				SWIFT_EMIT_LOC_STRINGS = NO;
				SWIFT_VERSION = 5.0;
				TARGETED_DEVICE_FAMILY = "1,2";
				TEST_HOST = "$(BUILT_PRODUCTS_DIR)/CityAssistant.app/$(BUNDLE_EXECUTABLE_FOLDER_PATH)/CityAssistant";
			};
			name = Debug;
		};
		BDF1CEF22A4127DA0053A5EA /* Release */ = {
			isa = XCBuildConfiguration;
			buildSettings = {
				ALWAYS_EMBED_SWIFT_STANDARD_LIBRARIES = YES;
				BUNDLE_LOADER = "$(TEST_HOST)";
				CODE_SIGN_STYLE = Automatic;
				CURRENT_PROJECT_VERSION = 1;
				DEVELOPMENT_TEAM = X3N2CFBLA9;
				GENERATE_INFOPLIST_FILE = YES;
				IPHONEOS_DEPLOYMENT_TARGET = 16.1;
				MARKETING_VERSION = 1.0;
				PRODUCT_BUNDLE_IDENTIFIER = net.augmenters.CityAssistantTests;
				PRODUCT_NAME = "$(TARGET_NAME)";
				SWIFT_EMIT_LOC_STRINGS = NO;
				SWIFT_VERSION = 5.0;
				TARGETED_DEVICE_FAMILY = "1,2";
				TEST_HOST = "$(BUILT_PRODUCTS_DIR)/CityAssistant.app/$(BUNDLE_EXECUTABLE_FOLDER_PATH)/CityAssistant";
			};
			name = Release;
		};
		BDF1CEF42A4127DA0053A5EA /* Debug */ = {
			isa = XCBuildConfiguration;
			buildSettings = {
				ALWAYS_EMBED_SWIFT_STANDARD_LIBRARIES = YES;
				CODE_SIGN_STYLE = Automatic;
				CURRENT_PROJECT_VERSION = 1;
				DEVELOPMENT_TEAM = X3N2CFBLA9;
				GENERATE_INFOPLIST_FILE = YES;
				MARKETING_VERSION = 1.0;
				PRODUCT_BUNDLE_IDENTIFIER = net.augmenters.CityAssistantUITests;
				PRODUCT_NAME = "$(TARGET_NAME)";
				SWIFT_EMIT_LOC_STRINGS = NO;
				SWIFT_VERSION = 5.0;
				TARGETED_DEVICE_FAMILY = "1,2";
				TEST_TARGET_NAME = CityAssistant;
			};
			name = Debug;
		};
		BDF1CEF52A4127DA0053A5EA /* Release */ = {
			isa = XCBuildConfiguration;
			buildSettings = {
				ALWAYS_EMBED_SWIFT_STANDARD_LIBRARIES = YES;
				CODE_SIGN_STYLE = Automatic;
				CURRENT_PROJECT_VERSION = 1;
				DEVELOPMENT_TEAM = X3N2CFBLA9;
				GENERATE_INFOPLIST_FILE = YES;
				MARKETING_VERSION = 1.0;
				PRODUCT_BUNDLE_IDENTIFIER = net.augmenters.CityAssistantUITests;
				PRODUCT_NAME = "$(TARGET_NAME)";
				SWIFT_EMIT_LOC_STRINGS = NO;
				SWIFT_VERSION = 5.0;
				TARGETED_DEVICE_FAMILY = "1,2";
				TEST_TARGET_NAME = CityAssistant;
			};
			name = Release;
		};
/* End XCBuildConfiguration section */

/* Begin XCConfigurationList section */
		BDF1CEBE2A4127D70053A5EA /* Build configuration list for PBXProject "CityAssistant" */ = {
			isa = XCConfigurationList;
			buildConfigurations = (
				BDF1CEEB2A4127DA0053A5EA /* Debug */,
				BDF1CEEC2A4127DA0053A5EA /* Release */,
			);
			defaultConfigurationIsVisible = 0;
			defaultConfigurationName = Release;
		};
		BDF1CEED2A4127DA0053A5EA /* Build configuration list for PBXNativeTarget "CityAssistant" */ = {
			isa = XCConfigurationList;
			buildConfigurations = (
				BDF1CEEE2A4127DA0053A5EA /* Debug */,
				BDF1CEEF2A4127DA0053A5EA /* Release */,
			);
			defaultConfigurationIsVisible = 0;
			defaultConfigurationName = Release;
		};
		BDF1CEF02A4127DA0053A5EA /* Build configuration list for PBXNativeTarget "CityAssistantTests" */ = {
			isa = XCConfigurationList;
			buildConfigurations = (
				BDF1CEF12A4127DA0053A5EA /* Debug */,
				BDF1CEF22A4127DA0053A5EA /* Release */,
			);
			defaultConfigurationIsVisible = 0;
			defaultConfigurationName = Release;
		};
		BDF1CEF32A4127DA0053A5EA /* Build configuration list for PBXNativeTarget "CityAssistantUITests" */ = {
			isa = XCConfigurationList;
			buildConfigurations = (
				BDF1CEF42A4127DA0053A5EA /* Debug */,
				BDF1CEF52A4127DA0053A5EA /* Release */,
			);
			defaultConfigurationIsVisible = 0;
			defaultConfigurationName = Release;
		};
/* End XCConfigurationList section */

/* Begin XCRemoteSwiftPackageReference section */
		BD1322242A70C1A80079614E /* XCRemoteSwiftPackageReference "Map" */ = {
			isa = XCRemoteSwiftPackageReference;
			repositoryURL = "https://github.com/pauljohanneskraft/Map.git";
			requirement = {
				kind = upToNextMajorVersion;
				minimumVersion = 0.2.0;
			};
		};
/* End XCRemoteSwiftPackageReference section */

/* Begin XCSwiftPackageProductDependency section */
		BD1322252A70C1A80079614E /* Map */ = {
			isa = XCSwiftPackageProductDependency;
			package = BD1322242A70C1A80079614E /* XCRemoteSwiftPackageReference "Map" */;
			productName = Map;
		};
/* End XCSwiftPackageProductDependency section */
	};
	rootObject = BDF1CEBB2A4127D70053A5EA /* Project object */;
}
