// !$*UTF8*$!
{
	archiveVersion = 1;
	classes = {
	};
	objectVersion = 56;
	objects = {

/* Begin PBXBuildFile section */
		BDCE468B298CCA000071CD7C /* AppDelegate.swift in Sources */ = {isa = PBXBuildFile; fileRef = BDCE468A298CCA000071CD7C /* AppDelegate.swift */; };
		BDCE468D298CCA000071CD7C /* ViewController.swift in Sources */ = {isa = PBXBuildFile; fileRef = BDCE468C298CCA000071CD7C /* ViewController.swift */; };
		BDCE468F298CCA000071CD7C /* Experience.rcproject in Sources */ = {isa = PBXBuildFile; fileRef = BDCE468E298CCA000071CD7C /* Experience.rcproject */; };
		BDCE4692298CCA000071CD7C /* Main.storyboard in Resources */ = {isa = PBXBuildFile; fileRef = BDCE4690298CCA000071CD7C /* Main.storyboard */; };
		BDCE4694298CCA040071CD7C /* Assets.xcassets in Resources */ = {isa = PBXBuildFile; fileRef = BDCE4693298CCA040071CD7C /* Assets.xcassets */; };
		BDCE4697298CCA040071CD7C /* LaunchScreen.storyboard in Resources */ = {isa = PBXBuildFile; fileRef = BDCE4695298CCA040071CD7C /* LaunchScreen.storyboard */; };
		BDCE46A1298CCA040071CD7C /* CapstoneARTestBedTests.swift in Sources */ = {isa = PBXBuildFile; fileRef = BDCE46A0298CCA040071CD7C /* CapstoneARTestBedTests.swift */; };
		BDCE46AB298CCA040071CD7C /* CapstoneARTestBedUITests.swift in Sources */ = {isa = PBXBuildFile; fileRef = BDCE46AA298CCA040071CD7C /* CapstoneARTestBedUITests.swift */; };
		BDCE46AD298CCA040071CD7C /* CapstoneARTestBedUITestsLaunchTests.swift in Sources */ = {isa = PBXBuildFile; fileRef = BDCE46AC298CCA040071CD7C /* CapstoneARTestBedUITestsLaunchTests.swift */; };
/* End PBXBuildFile section */

/* Begin PBXContainerItemProxy section */
		BDCE469D298CCA040071CD7C /* PBXContainerItemProxy */ = {
			isa = PBXContainerItemProxy;
			containerPortal = BDCE467F298CCA000071CD7C /* Project object */;
			proxyType = 1;
			remoteGlobalIDString = BDCE4686298CCA000071CD7C;
			remoteInfo = CapstoneARTestBed;
		};
		BDCE46A7298CCA040071CD7C /* PBXContainerItemProxy */ = {
			isa = PBXContainerItemProxy;
			containerPortal = BDCE467F298CCA000071CD7C /* Project object */;
			proxyType = 1;
			remoteGlobalIDString = BDCE4686298CCA000071CD7C;
			remoteInfo = CapstoneARTestBed;
		};
/* End PBXContainerItemProxy section */

/* Begin PBXFileReference section */
		BDCE4687298CCA000071CD7C /* CapstoneARTestBed.app */ = {isa = PBXFileReference; explicitFileType = wrapper.application; includeInIndex = 0; path = CapstoneARTestBed.app; sourceTree = BUILT_PRODUCTS_DIR; };
		BDCE468A298CCA000071CD7C /* AppDelegate.swift */ = {isa = PBXFileReference; lastKnownFileType = sourcecode.swift; path = AppDelegate.swift; sourceTree = "<group>"; };
		BDCE468C298CCA000071CD7C /* ViewController.swift */ = {isa = PBXFileReference; lastKnownFileType = sourcecode.swift; path = ViewController.swift; sourceTree = "<group>"; };
		BDCE468E298CCA000071CD7C /* Experience.rcproject */ = {isa = PBXFileReference; lastKnownFileType = file.rcproject; path = Experience.rcproject; sourceTree = "<group>"; };
		BDCE4691298CCA000071CD7C /* Base */ = {isa = PBXFileReference; lastKnownFileType = file.storyboard; name = Base; path = Base.lproj/Main.storyboard; sourceTree = "<group>"; };
		BDCE4693298CCA040071CD7C /* Assets.xcassets */ = {isa = PBXFileReference; lastKnownFileType = folder.assetcatalog; path = Assets.xcassets; sourceTree = "<group>"; };
		BDCE4696298CCA040071CD7C /* Base */ = {isa = PBXFileReference; lastKnownFileType = file.storyboard; name = Base; path = Base.lproj/LaunchScreen.storyboard; sourceTree = "<group>"; };
		BDCE469C298CCA040071CD7C /* CapstoneARTestBedTests.xctest */ = {isa = PBXFileReference; explicitFileType = wrapper.cfbundle; includeInIndex = 0; path = CapstoneARTestBedTests.xctest; sourceTree = BUILT_PRODUCTS_DIR; };
		BDCE46A0298CCA040071CD7C /* CapstoneARTestBedTests.swift */ = {isa = PBXFileReference; lastKnownFileType = sourcecode.swift; path = CapstoneARTestBedTests.swift; sourceTree = "<group>"; };
		BDCE46A6298CCA040071CD7C /* CapstoneARTestBedUITests.xctest */ = {isa = PBXFileReference; explicitFileType = wrapper.cfbundle; includeInIndex = 0; path = CapstoneARTestBedUITests.xctest; sourceTree = BUILT_PRODUCTS_DIR; };
		BDCE46AA298CCA040071CD7C /* CapstoneARTestBedUITests.swift */ = {isa = PBXFileReference; lastKnownFileType = sourcecode.swift; path = CapstoneARTestBedUITests.swift; sourceTree = "<group>"; };
		BDCE46AC298CCA040071CD7C /* CapstoneARTestBedUITestsLaunchTests.swift */ = {isa = PBXFileReference; lastKnownFileType = sourcecode.swift; path = CapstoneARTestBedUITestsLaunchTests.swift; sourceTree = "<group>"; };
/* End PBXFileReference section */

/* Begin PBXFrameworksBuildPhase section */
		BDCE4684298CCA000071CD7C /* Frameworks */ = {
			isa = PBXFrameworksBuildPhase;
			buildActionMask = 2147483647;
			files = (
			);
			runOnlyForDeploymentPostprocessing = 0;
		};
		BDCE4699298CCA040071CD7C /* Frameworks */ = {
			isa = PBXFrameworksBuildPhase;
			buildActionMask = 2147483647;
			files = (
			);
			runOnlyForDeploymentPostprocessing = 0;
		};
		BDCE46A3298CCA040071CD7C /* Frameworks */ = {
			isa = PBXFrameworksBuildPhase;
			buildActionMask = 2147483647;
			files = (
			);
			runOnlyForDeploymentPostprocessing = 0;
		};
/* End PBXFrameworksBuildPhase section */

/* Begin PBXGroup section */
		BDCE467E298CCA000071CD7C = {
			isa = PBXGroup;
			children = (
				BDCE4689298CCA000071CD7C /* CapstoneARTestBed */,
				BDCE469F298CCA040071CD7C /* CapstoneARTestBedTests */,
				BDCE46A9298CCA040071CD7C /* CapstoneARTestBedUITests */,
				BDCE4688298CCA000071CD7C /* Products */,
			);
			sourceTree = "<group>";
		};
		BDCE4688298CCA000071CD7C /* Products */ = {
			isa = PBXGroup;
			children = (
				BDCE4687298CCA000071CD7C /* CapstoneARTestBed.app */,
				BDCE469C298CCA040071CD7C /* CapstoneARTestBedTests.xctest */,
				BDCE46A6298CCA040071CD7C /* CapstoneARTestBedUITests.xctest */,
			);
			name = Products;
			sourceTree = "<group>";
		};
		BDCE4689298CCA000071CD7C /* CapstoneARTestBed */ = {
			isa = PBXGroup;
			children = (
				BDCE468A298CCA000071CD7C /* AppDelegate.swift */,
				BDCE468C298CCA000071CD7C /* ViewController.swift */,
				BDCE468E298CCA000071CD7C /* Experience.rcproject */,
				BDCE4690298CCA000071CD7C /* Main.storyboard */,
				BDCE4693298CCA040071CD7C /* Assets.xcassets */,
				BDCE4695298CCA040071CD7C /* LaunchScreen.storyboard */,
			);
			path = CapstoneARTestBed;
			sourceTree = "<group>";
		};
		BDCE469F298CCA040071CD7C /* CapstoneARTestBedTests */ = {
			isa = PBXGroup;
			children = (
				BDCE46A0298CCA040071CD7C /* CapstoneARTestBedTests.swift */,
			);
			path = CapstoneARTestBedTests;
			sourceTree = "<group>";
		};
		BDCE46A9298CCA040071CD7C /* CapstoneARTestBedUITests */ = {
			isa = PBXGroup;
			children = (
				BDCE46AA298CCA040071CD7C /* CapstoneARTestBedUITests.swift */,
				BDCE46AC298CCA040071CD7C /* CapstoneARTestBedUITestsLaunchTests.swift */,
			);
			path = CapstoneARTestBedUITests;
			sourceTree = "<group>";
		};
/* End PBXGroup section */

/* Begin PBXNativeTarget section */
		BDCE4686298CCA000071CD7C /* CapstoneARTestBed */ = {
			isa = PBXNativeTarget;
			buildConfigurationList = BDCE46B0298CCA040071CD7C /* Build configuration list for PBXNativeTarget "CapstoneARTestBed" */;
			buildPhases = (
				BDCE4683298CCA000071CD7C /* Sources */,
				BDCE4684298CCA000071CD7C /* Frameworks */,
				BDCE4685298CCA000071CD7C /* Resources */,
			);
			buildRules = (
			);
			dependencies = (
			);
			name = CapstoneARTestBed;
			productName = CapstoneARTestBed;
			productReference = BDCE4687298CCA000071CD7C /* CapstoneARTestBed.app */;
			productType = "com.apple.product-type.application";
		};
		BDCE469B298CCA040071CD7C /* CapstoneARTestBedTests */ = {
			isa = PBXNativeTarget;
			buildConfigurationList = BDCE46B3298CCA040071CD7C /* Build configuration list for PBXNativeTarget "CapstoneARTestBedTests" */;
			buildPhases = (
				BDCE4698298CCA040071CD7C /* Sources */,
				BDCE4699298CCA040071CD7C /* Frameworks */,
				BDCE469A298CCA040071CD7C /* Resources */,
			);
			buildRules = (
			);
			dependencies = (
				BDCE469E298CCA040071CD7C /* PBXTargetDependency */,
			);
			name = CapstoneARTestBedTests;
			productName = CapstoneARTestBedTests;
			productReference = BDCE469C298CCA040071CD7C /* CapstoneARTestBedTests.xctest */;
			productType = "com.apple.product-type.bundle.unit-test";
		};
		BDCE46A5298CCA040071CD7C /* CapstoneARTestBedUITests */ = {
			isa = PBXNativeTarget;
			buildConfigurationList = BDCE46B6298CCA040071CD7C /* Build configuration list for PBXNativeTarget "CapstoneARTestBedUITests" */;
			buildPhases = (
				BDCE46A2298CCA040071CD7C /* Sources */,
				BDCE46A3298CCA040071CD7C /* Frameworks */,
				BDCE46A4298CCA040071CD7C /* Resources */,
			);
			buildRules = (
			);
			dependencies = (
				BDCE46A8298CCA040071CD7C /* PBXTargetDependency */,
			);
			name = CapstoneARTestBedUITests;
			productName = CapstoneARTestBedUITests;
			productReference = BDCE46A6298CCA040071CD7C /* CapstoneARTestBedUITests.xctest */;
			productType = "com.apple.product-type.bundle.ui-testing";
		};
/* End PBXNativeTarget section */

/* Begin PBXProject section */
		BDCE467F298CCA000071CD7C /* Project object */ = {
			isa = PBXProject;
			attributes = {
				BuildIndependentTargetsInParallel = 1;
				LastSwiftUpdateCheck = 1410;
				LastUpgradeCheck = 1410;
				TargetAttributes = {
					BDCE4686298CCA000071CD7C = {
						CreatedOnToolsVersion = 14.1;
					};
					BDCE469B298CCA040071CD7C = {
						CreatedOnToolsVersion = 14.1;
						TestTargetID = BDCE4686298CCA000071CD7C;
					};
					BDCE46A5298CCA040071CD7C = {
						CreatedOnToolsVersion = 14.1;
						TestTargetID = BDCE4686298CCA000071CD7C;
					};
				};
			};
			buildConfigurationList = BDCE4682298CCA000071CD7C /* Build configuration list for PBXProject "CapstoneARTestBed" */;
			compatibilityVersion = "Xcode 14.0";
			developmentRegion = en;
			hasScannedForEncodings = 0;
			knownRegions = (
				en,
				Base,
			);
			mainGroup = BDCE467E298CCA000071CD7C;
			productRefGroup = BDCE4688298CCA000071CD7C /* Products */;
			projectDirPath = "";
			projectRoot = "";
			targets = (
				BDCE4686298CCA000071CD7C /* CapstoneARTestBed */,
				BDCE469B298CCA040071CD7C /* CapstoneARTestBedTests */,
				BDCE46A5298CCA040071CD7C /* CapstoneARTestBedUITests */,
			);
		};
/* End PBXProject section */

/* Begin PBXResourcesBuildPhase section */
		BDCE4685298CCA000071CD7C /* Resources */ = {
			isa = PBXResourcesBuildPhase;
			buildActionMask = 2147483647;
			files = (
				BDCE4697298CCA040071CD7C /* LaunchScreen.storyboard in Resources */,
				BDCE4694298CCA040071CD7C /* Assets.xcassets in Resources */,
				BDCE4692298CCA000071CD7C /* Main.storyboard in Resources */,
			);
			runOnlyForDeploymentPostprocessing = 0;
		};
		BDCE469A298CCA040071CD7C /* Resources */ = {
			isa = PBXResourcesBuildPhase;
			buildActionMask = 2147483647;
			files = (
			);
			runOnlyForDeploymentPostprocessing = 0;
		};
		BDCE46A4298CCA040071CD7C /* Resources */ = {
			isa = PBXResourcesBuildPhase;
			buildActionMask = 2147483647;
			files = (
			);
			runOnlyForDeploymentPostprocessing = 0;
		};
/* End PBXResourcesBuildPhase section */

/* Begin PBXSourcesBuildPhase section */
		BDCE4683298CCA000071CD7C /* Sources */ = {
			isa = PBXSourcesBuildPhase;
			buildActionMask = 2147483647;
			files = (
				BDCE468D298CCA000071CD7C /* ViewController.swift in Sources */,
				BDCE468B298CCA000071CD7C /* AppDelegate.swift in Sources */,
				BDCE468F298CCA000071CD7C /* Experience.rcproject in Sources */,
			);
			runOnlyForDeploymentPostprocessing = 0;
		};
		BDCE4698298CCA040071CD7C /* Sources */ = {
			isa = PBXSourcesBuildPhase;
			buildActionMask = 2147483647;
			files = (
				BDCE46A1298CCA040071CD7C /* CapstoneARTestBedTests.swift in Sources */,
			);
			runOnlyForDeploymentPostprocessing = 0;
		};
		BDCE46A2298CCA040071CD7C /* Sources */ = {
			isa = PBXSourcesBuildPhase;
			buildActionMask = 2147483647;
			files = (
				BDCE46AD298CCA040071CD7C /* CapstoneARTestBedUITestsLaunchTests.swift in Sources */,
				BDCE46AB298CCA040071CD7C /* CapstoneARTestBedUITests.swift in Sources */,
			);
			runOnlyForDeploymentPostprocessing = 0;
		};
/* End PBXSourcesBuildPhase section */

/* Begin PBXTargetDependency section */
		BDCE469E298CCA040071CD7C /* PBXTargetDependency */ = {
			isa = PBXTargetDependency;
			target = BDCE4686298CCA000071CD7C /* CapstoneARTestBed */;
			targetProxy = BDCE469D298CCA040071CD7C /* PBXContainerItemProxy */;
		};
		BDCE46A8298CCA040071CD7C /* PBXTargetDependency */ = {
			isa = PBXTargetDependency;
			target = BDCE4686298CCA000071CD7C /* CapstoneARTestBed */;
			targetProxy = BDCE46A7298CCA040071CD7C /* PBXContainerItemProxy */;
		};
/* End PBXTargetDependency section */

/* Begin PBXVariantGroup section */
		BDCE4690298CCA000071CD7C /* Main.storyboard */ = {
			isa = PBXVariantGroup;
			children = (
				BDCE4691298CCA000071CD7C /* Base */,
			);
			name = Main.storyboard;
			sourceTree = "<group>";
		};
		BDCE4695298CCA040071CD7C /* LaunchScreen.storyboard */ = {
			isa = PBXVariantGroup;
			children = (
				BDCE4696298CCA040071CD7C /* Base */,
			);
			name = LaunchScreen.storyboard;
			sourceTree = "<group>";
		};
/* End PBXVariantGroup section */

/* Begin XCBuildConfiguration section */
		BDCE46AE298CCA040071CD7C /* Debug */ = {
			isa = XCBuildConfiguration;
			buildSettings = {
				ALWAYS_SEARCH_USER_PATHS = NO;
				CLANG_ANALYZER_NONNULL = YES;
				CLANG_ANALYZER_NUMBER_OBJECT_CONVERSION = YES_AGGRESSIVE;
				CLANG_CXX_LANGUAGE_STANDARD = "gnu++20";
				CLANG_ENABLE_MODULES = YES;
				CLANG_ENABLE_OBJC_ARC = YES;
				CLANG_ENABLE_OBJC_WEAK = YES;
				CLANG_WARN_BLOCK_CAPTURE_AUTORELEASING = YES;
				CLANG_WARN_BOOL_CONVERSION = YES;
				CLANG_WARN_COMMA = YES;
				CLANG_WARN_CONSTANT_CONVERSION = YES;
				CLANG_WARN_DEPRECATED_OBJC_IMPLEMENTATIONS = YES;
				CLANG_WARN_DIRECT_OBJC_ISA_USAGE = YES_ERROR;
				CLANG_WARN_DOCUMENTATION_COMMENTS = YES;
				CLANG_WARN_EMPTY_BODY = YES;
				CLANG_WARN_ENUM_CONVERSION = YES;
				CLANG_WARN_INFINITE_RECURSION = YES;
				CLANG_WARN_INT_CONVERSION = YES;
				CLANG_WARN_NON_LITERAL_NULL_CONVERSION = YES;
				CLANG_WARN_OBJC_IMPLICIT_RETAIN_SELF = YES;
				CLANG_WARN_OBJC_LITERAL_CONVERSION = YES;
				CLANG_WARN_OBJC_ROOT_CLASS = YES_ERROR;
				CLANG_WARN_QUOTED_INCLUDE_IN_FRAMEWORK_HEADER = YES;
				CLANG_WARN_RANGE_LOOP_ANALYSIS = YES;
				CLANG_WARN_STRICT_PROTOTYPES = YES;
				CLANG_WARN_SUSPICIOUS_MOVE = YES;
				CLANG_WARN_UNGUARDED_AVAILABILITY = YES_AGGRESSIVE;
				CLANG_WARN_UNREACHABLE_CODE = YES;
				CLANG_WARN__DUPLICATE_METHOD_MATCH = YES;
				COPY_PHASE_STRIP = NO;
				DEBUG_INFORMATION_FORMAT = dwarf;
				ENABLE_STRICT_OBJC_MSGSEND = YES;
				ENABLE_TESTABILITY = YES;
				GCC_C_LANGUAGE_STANDARD = gnu11;
				GCC_DYNAMIC_NO_PIC = NO;
				GCC_NO_COMMON_BLOCKS = YES;
				GCC_OPTIMIZATION_LEVEL = 0;
				GCC_PREPROCESSOR_DEFINITIONS = (
					"DEBUG=1",
					"$(inherited)",
				);
				GCC_WARN_64_TO_32_BIT_CONVERSION = YES;
				GCC_WARN_ABOUT_RETURN_TYPE = YES_ERROR;
				GCC_WARN_UNDECLARED_SELECTOR = YES;
				GCC_WARN_UNINITIALIZED_AUTOS = YES_AGGRESSIVE;
				GCC_WARN_UNUSED_FUNCTION = YES;
				GCC_WARN_UNUSED_VARIABLE = YES;
				IPHONEOS_DEPLOYMENT_TARGET = 16.1;
				MTL_ENABLE_DEBUG_INFO = INCLUDE_SOURCE;
				MTL_FAST_MATH = YES;
				ONLY_ACTIVE_ARCH = YES;
				SDKROOT = iphoneos;
				SWIFT_ACTIVE_COMPILATION_CONDITIONS = DEBUG;
				SWIFT_OPTIMIZATION_LEVEL = "-Onone";
			};
			name = Debug;
		};
		BDCE46AF298CCA040071CD7C /* Release */ = {
			isa = XCBuildConfiguration;
			buildSettings = {
				ALWAYS_SEARCH_USER_PATHS = NO;
				CLANG_ANALYZER_NONNULL = YES;
				CLANG_ANALYZER_NUMBER_OBJECT_CONVERSION = YES_AGGRESSIVE;
				CLANG_CXX_LANGUAGE_STANDARD = "gnu++20";
				CLANG_ENABLE_MODULES = YES;
				CLANG_ENABLE_OBJC_ARC = YES;
				CLANG_ENABLE_OBJC_WEAK = YES;
				CLANG_WARN_BLOCK_CAPTURE_AUTORELEASING = YES;
				CLANG_WARN_BOOL_CONVERSION = YES;
				CLANG_WARN_COMMA = YES;
				CLANG_WARN_CONSTANT_CONVERSION = YES;
				CLANG_WARN_DEPRECATED_OBJC_IMPLEMENTATIONS = YES;
				CLANG_WARN_DIRECT_OBJC_ISA_USAGE = YES_ERROR;
				CLANG_WARN_DOCUMENTATION_COMMENTS = YES;
				CLANG_WARN_EMPTY_BODY = YES;
				CLANG_WARN_ENUM_CONVERSION = YES;
				CLANG_WARN_INFINITE_RECURSION = YES;
				CLANG_WARN_INT_CONVERSION = YES;
				CLANG_WARN_NON_LITERAL_NULL_CONVERSION = YES;
				CLANG_WARN_OBJC_IMPLICIT_RETAIN_SELF = YES;
				CLANG_WARN_OBJC_LITERAL_CONVERSION = YES;
				CLANG_WARN_OBJC_ROOT_CLASS = YES_ERROR;
				CLANG_WARN_QUOTED_INCLUDE_IN_FRAMEWORK_HEADER = YES;
				CLANG_WARN_RANGE_LOOP_ANALYSIS = YES;
				CLANG_WARN_STRICT_PROTOTYPES = YES;
				CLANG_WARN_SUSPICIOUS_MOVE = YES;
				CLANG_WARN_UNGUARDED_AVAILABILITY = YES_AGGRESSIVE;
				CLANG_WARN_UNREACHABLE_CODE = YES;
				CLANG_WARN__DUPLICATE_METHOD_MATCH = YES;
				COPY_PHASE_STRIP = NO;
				DEBUG_INFORMATION_FORMAT = "dwarf-with-dsym";
				ENABLE_NS_ASSERTIONS = NO;
				ENABLE_STRICT_OBJC_MSGSEND = YES;
				GCC_C_LANGUAGE_STANDARD = gnu11;
				GCC_NO_COMMON_BLOCKS = YES;
				GCC_WARN_64_TO_32_BIT_CONVERSION = YES;
				GCC_WARN_ABOUT_RETURN_TYPE = YES_ERROR;
				GCC_WARN_UNDECLARED_SELECTOR = YES;
				GCC_WARN_UNINITIALIZED_AUTOS = YES_AGGRESSIVE;
				GCC_WARN_UNUSED_FUNCTION = YES;
				GCC_WARN_UNUSED_VARIABLE = YES;
				IPHONEOS_DEPLOYMENT_TARGET = 16.1;
				MTL_ENABLE_DEBUG_INFO = NO;
				MTL_FAST_MATH = YES;
				SDKROOT = iphoneos;
				SWIFT_COMPILATION_MODE = wholemodule;
				SWIFT_OPTIMIZATION_LEVEL = "-O";
				VALIDATE_PRODUCT = YES;
			};
			name = Release;
		};
		BDCE46B1298CCA040071CD7C /* Debug */ = {
			isa = XCBuildConfiguration;
			buildSettings = {
				ASSETCATALOG_COMPILER_APPICON_NAME = AppIcon;
				ASSETCATALOG_COMPILER_GLOBAL_ACCENT_COLOR_NAME = AccentColor;
				CODE_SIGN_STYLE = Automatic;
				CURRENT_PROJECT_VERSION = 1;
				DEVELOPMENT_TEAM = X3N2CFBLA9;
				GENERATE_INFOPLIST_FILE = YES;
				INFOPLIST_KEY_NSCameraUsageDescription = "";
				INFOPLIST_KEY_NSLocationWhenInUseUsageDescription = "Allow app to use location while in use?";
				INFOPLIST_KEY_UIApplicationSupportsIndirectInputEvents = YES;
				INFOPLIST_KEY_UILaunchStoryboardName = LaunchScreen;
				INFOPLIST_KEY_UIMainStoryboardFile = Main;
				INFOPLIST_KEY_UIRequiredDeviceCapabilities = "";
				INFOPLIST_KEY_UIStatusBarHidden = YES;
				INFOPLIST_KEY_UISupportedInterfaceOrientations_iPad = "UIInterfaceOrientationPortrait UIInterfaceOrientationPortraitUpsideDown UIInterfaceOrientationLandscapeLeft UIInterfaceOrientationLandscapeRight";
				INFOPLIST_KEY_UISupportedInterfaceOrientations_iPhone = "UIInterfaceOrientationPortrait UIInterfaceOrientationLandscapeLeft UIInterfaceOrientationLandscapeRight";
				LD_RUNPATH_SEARCH_PATHS = (
					"$(inherited)",
					"@executable_path/Frameworks",
				);
				MARKETING_VERSION = 1.0;
				PRODUCT_BUNDLE_IDENTIFIER = net.maslak.CapstoneARTestBed;
				PRODUCT_NAME = "$(TARGET_NAME)";
				SWIFT_EMIT_LOC_STRINGS = YES;
				SWIFT_VERSION = 5.0;
				TARGETED_DEVICE_FAMILY = "1,2";
			};
			name = Debug;
		};
		BDCE46B2298CCA040071CD7C /* Release */ = {
			isa = XCBuildConfiguration;
			buildSettings = {
				ASSETCATALOG_COMPILER_APPICON_NAME = AppIcon;
				ASSETCATALOG_COMPILER_GLOBAL_ACCENT_COLOR_NAME = AccentColor;
				CODE_SIGN_STYLE = Automatic;
				CURRENT_PROJECT_VERSION = 1;
				DEVELOPMENT_TEAM = X3N2CFBLA9;
				GENERATE_INFOPLIST_FILE = YES;
				INFOPLIST_KEY_NSCameraUsageDescription = "";
				INFOPLIST_KEY_NSLocationWhenInUseUsageDescription = "Allow app to use location while in use?";
				INFOPLIST_KEY_UIApplicationSupportsIndirectInputEvents = YES;
				INFOPLIST_KEY_UILaunchStoryboardName = LaunchScreen;
				INFOPLIST_KEY_UIMainStoryboardFile = Main;
				INFOPLIST_KEY_UIRequiredDeviceCapabilities = "";
				INFOPLIST_KEY_UIStatusBarHidden = YES;
				INFOPLIST_KEY_UISupportedInterfaceOrientations_iPad = "UIInterfaceOrientationPortrait UIInterfaceOrientationPortraitUpsideDown UIInterfaceOrientationLandscapeLeft UIInterfaceOrientationLandscapeRight";
				INFOPLIST_KEY_UISupportedInterfaceOrientations_iPhone = "UIInterfaceOrientationPortrait UIInterfaceOrientationLandscapeLeft UIInterfaceOrientationLandscapeRight";
				LD_RUNPATH_SEARCH_PATHS = (
					"$(inherited)",
					"@executable_path/Frameworks",
				);
				MARKETING_VERSION = 1.0;
				PRODUCT_BUNDLE_IDENTIFIER = net.maslak.CapstoneARTestBed;
				PRODUCT_NAME = "$(TARGET_NAME)";
				SWIFT_EMIT_LOC_STRINGS = YES;
				SWIFT_VERSION = 5.0;
				TARGETED_DEVICE_FAMILY = "1,2";
			};
			name = Release;
		};
		BDCE46B4298CCA040071CD7C /* Debug */ = {
			isa = XCBuildConfiguration;
			buildSettings = {
				ALWAYS_EMBED_SWIFT_STANDARD_LIBRARIES = YES;
				BUNDLE_LOADER = "$(TEST_HOST)";
				CODE_SIGN_STYLE = Automatic;
				CURRENT_PROJECT_VERSION = 1;
				DEVELOPMENT_TEAM = X3N2CFBLA9;
				GENERATE_INFOPLIST_FILE = YES;
				IPHONEOS_DEPLOYMENT_TARGET = 16.1;
				MARKETING_VERSION = 1.0;
				PRODUCT_BUNDLE_IDENTIFIER = net.maslak.CapstoneARTestBedTests;
				PRODUCT_NAME = "$(TARGET_NAME)";
				SWIFT_EMIT_LOC_STRINGS = NO;
				SWIFT_VERSION = 5.0;
				TARGETED_DEVICE_FAMILY = "1,2";
				TEST_HOST = "$(BUILT_PRODUCTS_DIR)/CapstoneARTestBed.app/$(BUNDLE_EXECUTABLE_FOLDER_PATH)/CapstoneARTestBed";
			};
			name = Debug;
		};
		BDCE46B5298CCA040071CD7C /* Release */ = {
			isa = XCBuildConfiguration;
			buildSettings = {
				ALWAYS_EMBED_SWIFT_STANDARD_LIBRARIES = YES;
				BUNDLE_LOADER = "$(TEST_HOST)";
				CODE_SIGN_STYLE = Automatic;
				CURRENT_PROJECT_VERSION = 1;
				DEVELOPMENT_TEAM = X3N2CFBLA9;
				GENERATE_INFOPLIST_FILE = YES;
				IPHONEOS_DEPLOYMENT_TARGET = 16.1;
				MARKETING_VERSION = 1.0;
				PRODUCT_BUNDLE_IDENTIFIER = net.maslak.CapstoneARTestBedTests;
				PRODUCT_NAME = "$(TARGET_NAME)";
				SWIFT_EMIT_LOC_STRINGS = NO;
				SWIFT_VERSION = 5.0;
				TARGETED_DEVICE_FAMILY = "1,2";
				TEST_HOST = "$(BUILT_PRODUCTS_DIR)/CapstoneARTestBed.app/$(BUNDLE_EXECUTABLE_FOLDER_PATH)/CapstoneARTestBed";
			};
			name = Release;
		};
		BDCE46B7298CCA040071CD7C /* Debug */ = {
			isa = XCBuildConfiguration;
			buildSettings = {
				ALWAYS_EMBED_SWIFT_STANDARD_LIBRARIES = YES;
				CODE_SIGN_STYLE = Automatic;
				CURRENT_PROJECT_VERSION = 1;
				DEVELOPMENT_TEAM = X3N2CFBLA9;
				GENERATE_INFOPLIST_FILE = YES;
				MARKETING_VERSION = 1.0;
				PRODUCT_BUNDLE_IDENTIFIER = net.maslak.CapstoneARTestBedUITests;
				PRODUCT_NAME = "$(TARGET_NAME)";
				SWIFT_EMIT_LOC_STRINGS = NO;
				SWIFT_VERSION = 5.0;
				TARGETED_DEVICE_FAMILY = "1,2";
				TEST_TARGET_NAME = CapstoneARTestBed;
			};
			name = Debug;
		};
		BDCE46B8298CCA040071CD7C /* Release */ = {
			isa = XCBuildConfiguration;
			buildSettings = {
				ALWAYS_EMBED_SWIFT_STANDARD_LIBRARIES = YES;
				CODE_SIGN_STYLE = Automatic;
				CURRENT_PROJECT_VERSION = 1;
				DEVELOPMENT_TEAM = X3N2CFBLA9;
				GENERATE_INFOPLIST_FILE = YES;
				MARKETING_VERSION = 1.0;
				PRODUCT_BUNDLE_IDENTIFIER = net.maslak.CapstoneARTestBedUITests;
				PRODUCT_NAME = "$(TARGET_NAME)";
				SWIFT_EMIT_LOC_STRINGS = NO;
				SWIFT_VERSION = 5.0;
				TARGETED_DEVICE_FAMILY = "1,2";
				TEST_TARGET_NAME = CapstoneARTestBed;
			};
			name = Release;
		};
/* End XCBuildConfiguration section */

/* Begin XCConfigurationList section */
		BDCE4682298CCA000071CD7C /* Build configuration list for PBXProject "CapstoneARTestBed" */ = {
			isa = XCConfigurationList;
			buildConfigurations = (
				BDCE46AE298CCA040071CD7C /* Debug */,
				BDCE46AF298CCA040071CD7C /* Release */,
			);
			defaultConfigurationIsVisible = 0;
			defaultConfigurationName = Debug;
		};
		BDCE46B0298CCA040071CD7C /* Build configuration list for PBXNativeTarget "CapstoneARTestBed" */ = {
			isa = XCConfigurationList;
			buildConfigurations = (
				BDCE46B1298CCA040071CD7C /* Debug */,
				BDCE46B2298CCA040071CD7C /* Release */,
			);
			defaultConfigurationIsVisible = 0;
			defaultConfigurationName = Debug;
		};
		BDCE46B3298CCA040071CD7C /* Build configuration list for PBXNativeTarget "CapstoneARTestBedTests" */ = {
			isa = XCConfigurationList;
			buildConfigurations = (
				BDCE46B4298CCA040071CD7C /* Debug */,
				BDCE46B5298CCA040071CD7C /* Release */,
			);
			defaultConfigurationIsVisible = 0;
			defaultConfigurationName = Debug;
		};
		BDCE46B6298CCA040071CD7C /* Build configuration list for PBXNativeTarget "CapstoneARTestBedUITests" */ = {
			isa = XCConfigurationList;
			buildConfigurations = (
				BDCE46B7298CCA040071CD7C /* Debug */,
				BDCE46B8298CCA040071CD7C /* Release */,
			);
			defaultConfigurationIsVisible = 0;
			defaultConfigurationName = Debug;
		};
/* End XCConfigurationList section */
	};
	rootObject = BDCE467F298CCA000071CD7C /* Project object */;
}
