// !$*UTF8*$!
{
	archiveVersion = 1;
	classes = {
	};
	objectVersion = 56;
	objects = {

/* Begin PBXBuildFile section */
		B704000029EF6FD500C47193 /* UIDemoUITestsLaunchTests.swift in Sources */ = {isa = PBXBuildFile; fileRef = B704FFFF29EF6FD500C47193 /* UIDemoUITestsLaunchTests.swift */; };
		B704FFE329EF6FD400C47193 /* UIDemoApp.swift in Sources */ = {isa = PBXBuildFile; fileRef = B704FFE229EF6FD400C47193 /* UIDemoApp.swift */; };
		B704FFE529EF6FD400C47193 /* ARView.swift in Sources */ = {isa = PBXBuildFile; fileRef = B704FFE429EF6FD400C47193 /* ARView.swift */; };
		B704FFE729EF6FD500C47193 /* Assets.xcassets in Resources */ = {isa = PBXBuildFile; fileRef = B704FFE629EF6FD500C47193 /* Assets.xcassets */; };
		B704FFEA29EF6FD500C47193 /* Preview Assets.xcassets in Resources */ = {isa = PBXBuildFile; fileRef = B704FFE929EF6FD500C47193 /* Preview Assets.xcassets */; };
		B704FFF429EF6FD500C47193 /* UIDemoTests.swift in Sources */ = {isa = PBXBuildFile; fileRef = B704FFF329EF6FD500C47193 /* UIDemoTests.swift */; };
		B704FFFE29EF6FD500C47193 /* UIDemoUITests.swift in Sources */ = {isa = PBXBuildFile; fileRef = B704FFFD29EF6FD500C47193 /* UIDemoUITests.swift */; };
/* End PBXBuildFile section */

/* Begin PBXContainerItemProxy section */
		B704FFF029EF6FD500C47193 /* PBXContainerItemProxy */ = {
			isa = PBXContainerItemProxy;
			containerPortal = B704FFD729EF6FD400C47193 /* Project object */;
			proxyType = 1;
			remoteGlobalIDString = B704FFDE29EF6FD400C47193;
			remoteInfo = UIDemo;
		};
		B704FFFA29EF6FD500C47193 /* PBXContainerItemProxy */ = {
			isa = PBXContainerItemProxy;
			containerPortal = B704FFD729EF6FD400C47193 /* Project object */;
			proxyType = 1;
			remoteGlobalIDString = B704FFDE29EF6FD400C47193;
			remoteInfo = UIDemo;
		};
/* End PBXContainerItemProxy section */

/* Begin PBXFileReference section */
		B704FFDF29EF6FD400C47193 /* UIDemo.app */ = {isa = PBXFileReference; explicitFileType = wrapper.application; includeInIndex = 0; path = UIDemo.app; sourceTree = BUILT_PRODUCTS_DIR; };
		B704FFE229EF6FD400C47193 /* UIDemoApp.swift */ = {isa = PBXFileReference; lastKnownFileType = sourcecode.swift; path = UIDemoApp.swift; sourceTree = "<group>"; };
		B704FFE429EF6FD400C47193 /* ARView.swift */ = {isa = PBXFileReference; lastKnownFileType = sourcecode.swift; path = ARView.swift; sourceTree = "<group>"; };
		B704FFE629EF6FD500C47193 /* Assets.xcassets */ = {isa = PBXFileReference; lastKnownFileType = folder.assetcatalog; path = Assets.xcassets; sourceTree = "<group>"; };
		B704FFE929EF6FD500C47193 /* Preview Assets.xcassets */ = {isa = PBXFileReference; lastKnownFileType = folder.assetcatalog; path = "Preview Assets.xcassets"; sourceTree = "<group>"; };
		B704FFEF29EF6FD500C47193 /* UIDemoTests.xctest */ = {isa = PBXFileReference; explicitFileType = wrapper.cfbundle; includeInIndex = 0; path = UIDemoTests.xctest; sourceTree = BUILT_PRODUCTS_DIR; };
		B704FFF329EF6FD500C47193 /* UIDemoTests.swift */ = {isa = PBXFileReference; lastKnownFileType = sourcecode.swift; path = UIDemoTests.swift; sourceTree = "<group>"; };
		B704FFF929EF6FD500C47193 /* UIDemoUITests.xctest */ = {isa = PBXFileReference; explicitFileType = wrapper.cfbundle; includeInIndex = 0; path = UIDemoUITests.xctest; sourceTree = BUILT_PRODUCTS_DIR; };
		B704FFFD29EF6FD500C47193 /* UIDemoUITests.swift */ = {isa = PBXFileReference; lastKnownFileType = sourcecode.swift; path = UIDemoUITests.swift; sourceTree = "<group>"; };
		B704FFFF29EF6FD500C47193 /* UIDemoUITestsLaunchTests.swift */ = {isa = PBXFileReference; lastKnownFileType = sourcecode.swift; path = UIDemoUITestsLaunchTests.swift; sourceTree = "<group>"; };
/* End PBXFileReference section */

/* Begin PBXFrameworksBuildPhase section */
		B704FFDC29EF6FD400C47193 /* Frameworks */ = {
			isa = PBXFrameworksBuildPhase;
			buildActionMask = 2147483647;
			files = (
			);
			runOnlyForDeploymentPostprocessing = 0;
		};
		B704FFEC29EF6FD500C47193 /* Frameworks */ = {
			isa = PBXFrameworksBuildPhase;
			buildActionMask = 2147483647;
			files = (
			);
			runOnlyForDeploymentPostprocessing = 0;
		};
		B704FFF629EF6FD500C47193 /* Frameworks */ = {
			isa = PBXFrameworksBuildPhase;
			buildActionMask = 2147483647;
			files = (
			);
			runOnlyForDeploymentPostprocessing = 0;
		};
/* End PBXFrameworksBuildPhase section */

/* Begin PBXGroup section */
		B704FFD629EF6FD400C47193 = {
			isa = PBXGroup;
			children = (
				B704FFE129EF6FD400C47193 /* UIDemo */,
				B704FFF229EF6FD500C47193 /* UIDemoTests */,
				B704FFFC29EF6FD500C47193 /* UIDemoUITests */,
				B704FFE029EF6FD400C47193 /* Products */,
			);
			sourceTree = "<group>";
		};
		B704FFE029EF6FD400C47193 /* Products */ = {
			isa = PBXGroup;
			children = (
				B704FFDF29EF6FD400C47193 /* UIDemo.app */,
				B704FFEF29EF6FD500C47193 /* UIDemoTests.xctest */,
				B704FFF929EF6FD500C47193 /* UIDemoUITests.xctest */,
			);
			name = Products;
			sourceTree = "<group>";
		};
		B704FFE129EF6FD400C47193 /* UIDemo */ = {
			isa = PBXGroup;
			children = (
				B704FFE229EF6FD400C47193 /* UIDemoApp.swift */,
				B704FFE429EF6FD400C47193 /* ARView.swift */,
				B704FFE629EF6FD500C47193 /* Assets.xcassets */,
				B704FFE829EF6FD500C47193 /* Preview Content */,
			);
			path = UIDemo;
			sourceTree = "<group>";
		};
		B704FFE829EF6FD500C47193 /* Preview Content */ = {
			isa = PBXGroup;
			children = (
				B704FFE929EF6FD500C47193 /* Preview Assets.xcassets */,
			);
			path = "Preview Content";
			sourceTree = "<group>";
		};
		B704FFF229EF6FD500C47193 /* UIDemoTests */ = {
			isa = PBXGroup;
			children = (
				B704FFF329EF6FD500C47193 /* UIDemoTests.swift */,
			);
			path = UIDemoTests;
			sourceTree = "<group>";
		};
		B704FFFC29EF6FD500C47193 /* UIDemoUITests */ = {
			isa = PBXGroup;
			children = (
				B704FFFD29EF6FD500C47193 /* UIDemoUITests.swift */,
				B704FFFF29EF6FD500C47193 /* UIDemoUITestsLaunchTests.swift */,
			);
			path = UIDemoUITests;
			sourceTree = "<group>";
		};
/* End PBXGroup section */

/* Begin PBXNativeTarget section */
		B704FFDE29EF6FD400C47193 /* UIDemo */ = {
			isa = PBXNativeTarget;
			buildConfigurationList = B704000329EF6FD500C47193 /* Build configuration list for PBXNativeTarget "UIDemo" */;
			buildPhases = (
				B704FFDB29EF6FD400C47193 /* Sources */,
				B704FFDC29EF6FD400C47193 /* Frameworks */,
				B704FFDD29EF6FD400C47193 /* Resources */,
			);
			buildRules = (
			);
			dependencies = (
			);
			name = UIDemo;
			productName = UIDemo;
			productReference = B704FFDF29EF6FD400C47193 /* UIDemo.app */;
			productType = "com.apple.product-type.application";
		};
		B704FFEE29EF6FD500C47193 /* UIDemoTests */ = {
			isa = PBXNativeTarget;
			buildConfigurationList = B704000629EF6FD500C47193 /* Build configuration list for PBXNativeTarget "UIDemoTests" */;
			buildPhases = (
				B704FFEB29EF6FD500C47193 /* Sources */,
				B704FFEC29EF6FD500C47193 /* Frameworks */,
				B704FFED29EF6FD500C47193 /* Resources */,
			);
			buildRules = (
			);
			dependencies = (
				B704FFF129EF6FD500C47193 /* PBXTargetDependency */,
			);
			name = UIDemoTests;
			productName = UIDemoTests;
			productReference = B704FFEF29EF6FD500C47193 /* UIDemoTests.xctest */;
			productType = "com.apple.product-type.bundle.unit-test";
		};
		B704FFF829EF6FD500C47193 /* UIDemoUITests */ = {
			isa = PBXNativeTarget;
			buildConfigurationList = B704000929EF6FD500C47193 /* Build configuration list for PBXNativeTarget "UIDemoUITests" */;
			buildPhases = (
				B704FFF529EF6FD500C47193 /* Sources */,
				B704FFF629EF6FD500C47193 /* Frameworks */,
				B704FFF729EF6FD500C47193 /* Resources */,
			);
			buildRules = (
			);
			dependencies = (
				B704FFFB29EF6FD500C47193 /* PBXTargetDependency */,
			);
			name = UIDemoUITests;
			productName = UIDemoUITests;
			productReference = B704FFF929EF6FD500C47193 /* UIDemoUITests.xctest */;
			productType = "com.apple.product-type.bundle.ui-testing";
		};
/* End PBXNativeTarget section */

/* Begin PBXProject section */
		B704FFD729EF6FD400C47193 /* Project object */ = {
			isa = PBXProject;
			attributes = {
				BuildIndependentTargetsInParallel = 1;
				LastSwiftUpdateCheck = 1430;
				LastUpgradeCheck = 1430;
				TargetAttributes = {
					B704FFDE29EF6FD400C47193 = {
						CreatedOnToolsVersion = 14.3;
					};
					B704FFEE29EF6FD500C47193 = {
						CreatedOnToolsVersion = 14.3;
						TestTargetID = B704FFDE29EF6FD400C47193;
					};
					B704FFF829EF6FD500C47193 = {
						CreatedOnToolsVersion = 14.3;
						TestTargetID = B704FFDE29EF6FD400C47193;
					};
				};
			};
			buildConfigurationList = B704FFDA29EF6FD400C47193 /* Build configuration list for PBXProject "UIDemo" */;
			compatibilityVersion = "Xcode 14.0";
			developmentRegion = en;
			hasScannedForEncodings = 0;
			knownRegions = (
				en,
				Base,
			);
			mainGroup = B704FFD629EF6FD400C47193;
			productRefGroup = B704FFE029EF6FD400C47193 /* Products */;
			projectDirPath = "";
			projectRoot = "";
			targets = (
				B704FFDE29EF6FD400C47193 /* UIDemo */,
				B704FFEE29EF6FD500C47193 /* UIDemoTests */,
				B704FFF829EF6FD500C47193 /* UIDemoUITests */,
			);
		};
/* End PBXProject section */

/* Begin PBXResourcesBuildPhase section */
		B704FFDD29EF6FD400C47193 /* Resources */ = {
			isa = PBXResourcesBuildPhase;
			buildActionMask = 2147483647;
			files = (
				B704FFEA29EF6FD500C47193 /* Preview Assets.xcassets in Resources */,
				B704FFE729EF6FD500C47193 /* Assets.xcassets in Resources */,
			);
			runOnlyForDeploymentPostprocessing = 0;
		};
		B704FFED29EF6FD500C47193 /* Resources */ = {
			isa = PBXResourcesBuildPhase;
			buildActionMask = 2147483647;
			files = (
			);
			runOnlyForDeploymentPostprocessing = 0;
		};
		B704FFF729EF6FD500C47193 /* Resources */ = {
			isa = PBXResourcesBuildPhase;
			buildActionMask = 2147483647;
			files = (
			);
			runOnlyForDeploymentPostprocessing = 0;
		};
/* End PBXResourcesBuildPhase section */

/* Begin PBXSourcesBuildPhase section */
		B704FFDB29EF6FD400C47193 /* Sources */ = {
			isa = PBXSourcesBuildPhase;
			buildActionMask = 2147483647;
			files = (
				B704FFE529EF6FD400C47193 /* ARView.swift in Sources */,
				B704FFE329EF6FD400C47193 /* UIDemoApp.swift in Sources */,
			);
			runOnlyForDeploymentPostprocessing = 0;
		};
		B704FFEB29EF6FD500C47193 /* Sources */ = {
			isa = PBXSourcesBuildPhase;
			buildActionMask = 2147483647;
			files = (
				B704FFF429EF6FD500C47193 /* UIDemoTests.swift in Sources */,
			);
			runOnlyForDeploymentPostprocessing = 0;
		};
		B704FFF529EF6FD500C47193 /* Sources */ = {
			isa = PBXSourcesBuildPhase;
			buildActionMask = 2147483647;
			files = (
				B704FFFE29EF6FD500C47193 /* UIDemoUITests.swift in Sources */,
				B704000029EF6FD500C47193 /* UIDemoUITestsLaunchTests.swift in Sources */,
			);
			runOnlyForDeploymentPostprocessing = 0;
		};
/* End PBXSourcesBuildPhase section */

/* Begin PBXTargetDependency section */
		B704FFF129EF6FD500C47193 /* PBXTargetDependency */ = {
			isa = PBXTargetDependency;
			target = B704FFDE29EF6FD400C47193 /* UIDemo */;
			targetProxy = B704FFF029EF6FD500C47193 /* PBXContainerItemProxy */;
		};
		B704FFFB29EF6FD500C47193 /* PBXTargetDependency */ = {
			isa = PBXTargetDependency;
			target = B704FFDE29EF6FD400C47193 /* UIDemo */;
			targetProxy = B704FFFA29EF6FD500C47193 /* PBXContainerItemProxy */;
		};
/* End PBXTargetDependency section */

/* Begin XCBuildConfiguration section */
		B704000129EF6FD500C47193 /* Debug */ = {
			isa = XCBuildConfiguration;
			buildSettings = {
				ALWAYS_SEARCH_USER_PATHS = NO;
				CLANG_ANALYZER_NONNULL = YES;
				CLANG_ANALYZER_NUMBER_OBJECT_CONVERSION = YES_AGGRESSIVE;
				CLANG_CXX_LANGUAGE_STANDARD = "gnu++20";
				CLANG_ENABLE_MODULES = YES;
				CLANG_ENABLE_OBJC_ARC = YES;
				CLANG_ENABLE_OBJC_WEAK = YES;
				CLANG_WARN_BLOCK_CAPTURE_AUTORELEASING = YES;
				CLANG_WARN_BOOL_CONVERSION = YES;
				CLANG_WARN_COMMA = YES;
				CLANG_WARN_CONSTANT_CONVERSION = YES;
				CLANG_WARN_DEPRECATED_OBJC_IMPLEMENTATIONS = YES;
				CLANG_WARN_DIRECT_OBJC_ISA_USAGE = YES_ERROR;
				CLANG_WARN_DOCUMENTATION_COMMENTS = YES;
				CLANG_WARN_EMPTY_BODY = YES;
				CLANG_WARN_ENUM_CONVERSION = YES;
				CLANG_WARN_INFINITE_RECURSION = YES;
				CLANG_WARN_INT_CONVERSION = YES;
				CLANG_WARN_NON_LITERAL_NULL_CONVERSION = YES;
				CLANG_WARN_OBJC_IMPLICIT_RETAIN_SELF = YES;
				CLANG_WARN_OBJC_LITERAL_CONVERSION = YES;
				CLANG_WARN_OBJC_ROOT_CLASS = YES_ERROR;
				CLANG_WARN_QUOTED_INCLUDE_IN_FRAMEWORK_HEADER = YES;
				CLANG_WARN_RANGE_LOOP_ANALYSIS = YES;
				CLANG_WARN_STRICT_PROTOTYPES = YES;
				CLANG_WARN_SUSPICIOUS_MOVE = YES;
				CLANG_WARN_UNGUARDED_AVAILABILITY = YES_AGGRESSIVE;
				CLANG_WARN_UNREACHABLE_CODE = YES;
				CLANG_WARN__DUPLICATE_METHOD_MATCH = YES;
				COPY_PHASE_STRIP = NO;
				DEBUG_INFORMATION_FORMAT = dwarf;
				ENABLE_STRICT_OBJC_MSGSEND = YES;
				ENABLE_TESTABILITY = YES;
				GCC_C_LANGUAGE_STANDARD = gnu11;
				GCC_DYNAMIC_NO_PIC = NO;
				GCC_NO_COMMON_BLOCKS = YES;
				GCC_OPTIMIZATION_LEVEL = 0;
				GCC_PREPROCESSOR_DEFINITIONS = (
					"DEBUG=1",
					"$(inherited)",
				);
				GCC_WARN_64_TO_32_BIT_CONVERSION = YES;
				GCC_WARN_ABOUT_RETURN_TYPE = YES_ERROR;
				GCC_WARN_UNDECLARED_SELECTOR = YES;
				GCC_WARN_UNINITIALIZED_AUTOS = YES_AGGRESSIVE;
				GCC_WARN_UNUSED_FUNCTION = YES;
				GCC_WARN_UNUSED_VARIABLE = YES;
				IPHONEOS_DEPLOYMENT_TARGET = 16.4;
				MTL_ENABLE_DEBUG_INFO = INCLUDE_SOURCE;
				MTL_FAST_MATH = YES;
				ONLY_ACTIVE_ARCH = YES;
				SDKROOT = iphoneos;
				SWIFT_ACTIVE_COMPILATION_CONDITIONS = DEBUG;
				SWIFT_OPTIMIZATION_LEVEL = "-Onone";
			};
			name = Debug;
		};
		B704000229EF6FD500C47193 /* Release */ = {
			isa = XCBuildConfiguration;
			buildSettings = {
				ALWAYS_SEARCH_USER_PATHS = NO;
				CLANG_ANALYZER_NONNULL = YES;
				CLANG_ANALYZER_NUMBER_OBJECT_CONVERSION = YES_AGGRESSIVE;
				CLANG_CXX_LANGUAGE_STANDARD = "gnu++20";
				CLANG_ENABLE_MODULES = YES;
				CLANG_ENABLE_OBJC_ARC = YES;
				CLANG_ENABLE_OBJC_WEAK = YES;
				CLANG_WARN_BLOCK_CAPTURE_AUTORELEASING = YES;
				CLANG_WARN_BOOL_CONVERSION = YES;
				CLANG_WARN_COMMA = YES;
				CLANG_WARN_CONSTANT_CONVERSION = YES;
				CLANG_WARN_DEPRECATED_OBJC_IMPLEMENTATIONS = YES;
				CLANG_WARN_DIRECT_OBJC_ISA_USAGE = YES_ERROR;
				CLANG_WARN_DOCUMENTATION_COMMENTS = YES;
				CLANG_WARN_EMPTY_BODY = YES;
				CLANG_WARN_ENUM_CONVERSION = YES;
				CLANG_WARN_INFINITE_RECURSION = YES;
				CLANG_WARN_INT_CONVERSION = YES;
				CLANG_WARN_NON_LITERAL_NULL_CONVERSION = YES;
				CLANG_WARN_OBJC_IMPLICIT_RETAIN_SELF = YES;
				CLANG_WARN_OBJC_LITERAL_CONVERSION = YES;
				CLANG_WARN_OBJC_ROOT_CLASS = YES_ERROR;
				CLANG_WARN_QUOTED_INCLUDE_IN_FRAMEWORK_HEADER = YES;
				CLANG_WARN_RANGE_LOOP_ANALYSIS = YES;
				CLANG_WARN_STRICT_PROTOTYPES = YES;
				CLANG_WARN_SUSPICIOUS_MOVE = YES;
				CLANG_WARN_UNGUARDED_AVAILABILITY = YES_AGGRESSIVE;
				CLANG_WARN_UNREACHABLE_CODE = YES;
				CLANG_WARN__DUPLICATE_METHOD_MATCH = YES;
				COPY_PHASE_STRIP = NO;
				DEBUG_INFORMATION_FORMAT = "dwarf-with-dsym";
				ENABLE_NS_ASSERTIONS = NO;
				ENABLE_STRICT_OBJC_MSGSEND = YES;
				GCC_C_LANGUAGE_STANDARD = gnu11;
				GCC_NO_COMMON_BLOCKS = YES;
				GCC_WARN_64_TO_32_BIT_CONVERSION = YES;
				GCC_WARN_ABOUT_RETURN_TYPE = YES_ERROR;
				GCC_WARN_UNDECLARED_SELECTOR = YES;
				GCC_WARN_UNINITIALIZED_AUTOS = YES_AGGRESSIVE;
				GCC_WARN_UNUSED_FUNCTION = YES;
				GCC_WARN_UNUSED_VARIABLE = YES;
				IPHONEOS_DEPLOYMENT_TARGET = 16.4;
				MTL_ENABLE_DEBUG_INFO = NO;
				MTL_FAST_MATH = YES;
				SDKROOT = iphoneos;
				SWIFT_COMPILATION_MODE = wholemodule;
				SWIFT_OPTIMIZATION_LEVEL = "-O";
				VALIDATE_PRODUCT = YES;
			};
			name = Release;
		};
		B704000429EF6FD500C47193 /* Debug */ = {
			isa = XCBuildConfiguration;
			buildSettings = {
				ASSETCATALOG_COMPILER_APPICON_NAME = AppIcon;
				ASSETCATALOG_COMPILER_GLOBAL_ACCENT_COLOR_NAME = AccentColor;
				CODE_SIGN_STYLE = Automatic;
				CURRENT_PROJECT_VERSION = 1;
				DEVELOPMENT_ASSET_PATHS = "\"UIDemo/Preview Content\"";
				ENABLE_PREVIEWS = YES;
				GENERATE_INFOPLIST_FILE = YES;
				INFOPLIST_KEY_UIApplicationSceneManifest_Generation = YES;
				INFOPLIST_KEY_UIApplicationSupportsIndirectInputEvents = YES;
				INFOPLIST_KEY_UILaunchScreen_Generation = YES;
				INFOPLIST_KEY_UISupportedInterfaceOrientations_iPad = "UIInterfaceOrientationPortrait UIInterfaceOrientationPortraitUpsideDown UIInterfaceOrientationLandscapeLeft UIInterfaceOrientationLandscapeRight";
				INFOPLIST_KEY_UISupportedInterfaceOrientations_iPhone = "UIInterfaceOrientationPortrait UIInterfaceOrientationLandscapeLeft UIInterfaceOrientationLandscapeRight";
				LD_RUNPATH_SEARCH_PATHS = (
					"$(inherited)",
					"@executable_path/Frameworks",
				);
				MARKETING_VERSION = 1.0;
				PRODUCT_BUNDLE_IDENTIFIER = edu.missouri.UIDemo;
				PRODUCT_NAME = "$(TARGET_NAME)";
				SWIFT_EMIT_LOC_STRINGS = YES;
				SWIFT_VERSION = 5.0;
				TARGETED_DEVICE_FAMILY = "1,2";
			};
			name = Debug;
		};
		B704000529EF6FD500C47193 /* Release */ = {
			isa = XCBuildConfiguration;
			buildSettings = {
				ASSETCATALOG_COMPILER_APPICON_NAME = AppIcon;
				ASSETCATALOG_COMPILER_GLOBAL_ACCENT_COLOR_NAME = AccentColor;
				CODE_SIGN_STYLE = Automatic;
				CURRENT_PROJECT_VERSION = 1;
				DEVELOPMENT_ASSET_PATHS = "\"UIDemo/Preview Content\"";
				ENABLE_PREVIEWS = YES;
				GENERATE_INFOPLIST_FILE = YES;
				INFOPLIST_KEY_UIApplicationSceneManifest_Generation = YES;
				INFOPLIST_KEY_UIApplicationSupportsIndirectInputEvents = YES;
				INFOPLIST_KEY_UILaunchScreen_Generation = YES;
				INFOPLIST_KEY_UISupportedInterfaceOrientations_iPad = "UIInterfaceOrientationPortrait UIInterfaceOrientationPortraitUpsideDown UIInterfaceOrientationLandscapeLeft UIInterfaceOrientationLandscapeRight";
				INFOPLIST_KEY_UISupportedInterfaceOrientations_iPhone = "UIInterfaceOrientationPortrait UIInterfaceOrientationLandscapeLeft UIInterfaceOrientationLandscapeRight";
				LD_RUNPATH_SEARCH_PATHS = (
					"$(inherited)",
					"@executable_path/Frameworks",
				);
				MARKETING_VERSION = 1.0;
				PRODUCT_BUNDLE_IDENTIFIER = edu.missouri.UIDemo;
				PRODUCT_NAME = "$(TARGET_NAME)";
				SWIFT_EMIT_LOC_STRINGS = YES;
				SWIFT_VERSION = 5.0;
				TARGETED_DEVICE_FAMILY = "1,2";
			};
			name = Release;
		};
		B704000729EF6FD500C47193 /* Debug */ = {
			isa = XCBuildConfiguration;
			buildSettings = {
				ALWAYS_EMBED_SWIFT_STANDARD_LIBRARIES = YES;
				BUNDLE_LOADER = "$(TEST_HOST)";
				CODE_SIGN_STYLE = Automatic;
				CURRENT_PROJECT_VERSION = 1;
				GENERATE_INFOPLIST_FILE = YES;
				IPHONEOS_DEPLOYMENT_TARGET = 16.4;
				MARKETING_VERSION = 1.0;
				PRODUCT_BUNDLE_IDENTIFIER = edu.missouri.UIDemoTests;
				PRODUCT_NAME = "$(TARGET_NAME)";
				SWIFT_EMIT_LOC_STRINGS = NO;
				SWIFT_VERSION = 5.0;
				TARGETED_DEVICE_FAMILY = "1,2";
				TEST_HOST = "$(BUILT_PRODUCTS_DIR)/UIDemo.app/$(BUNDLE_EXECUTABLE_FOLDER_PATH)/UIDemo";
			};
			name = Debug;
		};
		B704000829EF6FD500C47193 /* Release */ = {
			isa = XCBuildConfiguration;
			buildSettings = {
				ALWAYS_EMBED_SWIFT_STANDARD_LIBRARIES = YES;
				BUNDLE_LOADER = "$(TEST_HOST)";
				CODE_SIGN_STYLE = Automatic;
				CURRENT_PROJECT_VERSION = 1;
				GENERATE_INFOPLIST_FILE = YES;
				IPHONEOS_DEPLOYMENT_TARGET = 16.4;
				MARKETING_VERSION = 1.0;
				PRODUCT_BUNDLE_IDENTIFIER = edu.missouri.UIDemoTests;
				PRODUCT_NAME = "$(TARGET_NAME)";
				SWIFT_EMIT_LOC_STRINGS = NO;
				SWIFT_VERSION = 5.0;
				TARGETED_DEVICE_FAMILY = "1,2";
				TEST_HOST = "$(BUILT_PRODUCTS_DIR)/UIDemo.app/$(BUNDLE_EXECUTABLE_FOLDER_PATH)/UIDemo";
			};
			name = Release;
		};
		B704000A29EF6FD500C47193 /* Debug */ = {
			isa = XCBuildConfiguration;
			buildSettings = {
				ALWAYS_EMBED_SWIFT_STANDARD_LIBRARIES = YES;
				CODE_SIGN_STYLE = Automatic;
				CURRENT_PROJECT_VERSION = 1;
				GENERATE_INFOPLIST_FILE = YES;
				MARKETING_VERSION = 1.0;
				PRODUCT_BUNDLE_IDENTIFIER = edu.missouri.UIDemoUITests;
				PRODUCT_NAME = "$(TARGET_NAME)";
				SWIFT_EMIT_LOC_STRINGS = NO;
				SWIFT_VERSION = 5.0;
				TARGETED_DEVICE_FAMILY = "1,2";
				TEST_TARGET_NAME = UIDemo;
			};
			name = Debug;
		};
		B704000B29EF6FD500C47193 /* Release */ = {
			isa = XCBuildConfiguration;
			buildSettings = {
				ALWAYS_EMBED_SWIFT_STANDARD_LIBRARIES = YES;
				CODE_SIGN_STYLE = Automatic;
				CURRENT_PROJECT_VERSION = 1;
				GENERATE_INFOPLIST_FILE = YES;
				MARKETING_VERSION = 1.0;
				PRODUCT_BUNDLE_IDENTIFIER = edu.missouri.UIDemoUITests;
				PRODUCT_NAME = "$(TARGET_NAME)";
				SWIFT_EMIT_LOC_STRINGS = NO;
				SWIFT_VERSION = 5.0;
				TARGETED_DEVICE_FAMILY = "1,2";
				TEST_TARGET_NAME = UIDemo;
			};
			name = Release;
		};
/* End XCBuildConfiguration section */

/* Begin XCConfigurationList section */
		B704000329EF6FD500C47193 /* Build configuration list for PBXNativeTarget "UIDemo" */ = {
			isa = XCConfigurationList;
			buildConfigurations = (
				B704000429EF6FD500C47193 /* Debug */,
				B704000529EF6FD500C47193 /* Release */,
			);
			defaultConfigurationIsVisible = 0;
			defaultConfigurationName = Release;
		};
		B704000629EF6FD500C47193 /* Build configuration list for PBXNativeTarget "UIDemoTests" */ = {
			isa = XCConfigurationList;
			buildConfigurations = (
				B704000729EF6FD500C47193 /* Debug */,
				B704000829EF6FD500C47193 /* Release */,
			);
			defaultConfigurationIsVisible = 0;
			defaultConfigurationName = Release;
		};
		B704000929EF6FD500C47193 /* Build configuration list for PBXNativeTarget "UIDemoUITests" */ = {
			isa = XCConfigurationList;
			buildConfigurations = (
				B704000A29EF6FD500C47193 /* Debug */,
				B704000B29EF6FD500C47193 /* Release */,
			);
			defaultConfigurationIsVisible = 0;
			defaultConfigurationName = Release;
		};
		B704FFDA29EF6FD400C47193 /* Build configuration list for PBXProject "UIDemo" */ = {
			isa = XCConfigurationList;
			buildConfigurations = (
				B704000129EF6FD500C47193 /* Debug */,
				B704000229EF6FD500C47193 /* Release */,
			);
			defaultConfigurationIsVisible = 0;
			defaultConfigurationName = Release;
		};
/* End XCConfigurationList section */
	};
	rootObject = B704FFD729EF6FD400C47193 /* Project object */;
}
